// !$*UTF8*$!
{
	archiveVersion = 1;
	classes = {
	};
	objectVersion = 46;
	objects = {

/* Begin PBXBuildFile section */
		2916993E1DB38C82003A3B37 /* Device.swift in Sources */ = {isa = PBXBuildFile; fileRef = 2916993D1DB38C82003A3B37 /* Device.swift */; };
		291699401DB40E30003A3B37 /* Error.swift in Sources */ = {isa = PBXBuildFile; fileRef = 2916993F1DB40E30003A3B37 /* Error.swift */; };
		291699421DB4176D003A3B37 /* Error.swift in Sources */ = {isa = PBXBuildFile; fileRef = 291699411DB4176D003A3B37 /* Error.swift */; };
		291699441DB4270B003A3B37 /* Function.swift in Sources */ = {isa = PBXBuildFile; fileRef = 291699431DB4270B003A3B37 /* Function.swift */; };
		291699461DB42F9F003A3B37 /* Memory.swift in Sources */ = {isa = PBXBuildFile; fileRef = 291699451DB42F9F003A3B37 /* Memory.swift */; };
		2916994A1DB435C9003A3B37 /* Stream.swift in Sources */ = {isa = PBXBuildFile; fileRef = 291699491DB435C9003A3B37 /* Stream.swift */; };
		2942BA061DB77940008B729B /* Error.swift in Sources */ = {isa = PBXBuildFile; fileRef = 2942BA051DB77940008B729B /* Error.swift */; };
		2942BA081DB78158008B729B /* Array.swift in Sources */ = {isa = PBXBuildFile; fileRef = 2942BA071DB78158008B729B /* Array.swift */; };
		2969E84A1DBCB90500AF60E6 /* CHandleCarrier.swift in Sources */ = {isa = PBXBuildFile; fileRef = 2969E8491DBCB90500AF60E6 /* CHandleCarrier.swift */; };
		2969E84C1DBCC22500AF60E6 /* Driver.swift in Sources */ = {isa = PBXBuildFile; fileRef = 2969E84B1DBCC22500AF60E6 /* Driver.swift */; };
		2969E84E1DBCEF8700AF60E6 /* Value.swift in Sources */ = {isa = PBXBuildFile; fileRef = 2969E84D1DBCEF8700AF60E6 /* Value.swift */; };
		2969E8521DBD827F00AF60E6 /* Module.swift in Sources */ = {isa = PBXBuildFile; fileRef = 2969E8511DBD827F00AF60E6 /* Module.swift */; };
		2969E8541DBD841800AF60E6 /* Vectors.swift in Sources */ = {isa = PBXBuildFile; fileRef = 2969E8531DBD841800AF60E6 /* Vectors.swift */; };
		2969E8561DBD849400AF60E6 /* Stream.swift in Sources */ = {isa = PBXBuildFile; fileRef = 2969E8551DBD849400AF60E6 /* Stream.swift */; };
		2969E8591DBD877F00AF60E6 /* Error.swift in Sources */ = {isa = PBXBuildFile; fileRef = 2969E8571DBD877800AF60E6 /* Error.swift */; };
		29FA39901DB7FFFD00A34503 /* Device.swift in Sources */ = {isa = PBXBuildFile; fileRef = 29FA398F1DB7FFFD00A34503 /* Device.swift */; };
		_LinkFileRef_CUDADriver_via_CUDADriverTests /* CUDADriver.framework in Frameworks */ = {isa = PBXBuildFile; fileRef = "_____Product_CUDADriver" /* CUDADriver.framework */; };
		_LinkFileRef_CUDADriver_via_NVRTC /* CUDADriver.framework in Frameworks */ = {isa = PBXBuildFile; fileRef = "_____Product_CUDADriver" /* CUDADriver.framework */; };
		_LinkFileRef_CUDADriver_via_NVRTCTests /* CUDADriver.framework in Frameworks */ = {isa = PBXBuildFile; fileRef = "_____Product_CUDADriver" /* CUDADriver.framework */; };
		_LinkFileRef_CUDARuntime_via_CUDARuntimeTests /* CUDARuntime.framework in Frameworks */ = {isa = PBXBuildFile; fileRef = "_____Product_CUDARuntime" /* CUDARuntime.framework */; };
		_LinkFileRef_CuBLAS_via_CuBLASTests /* CuBLAS.framework in Frameworks */ = {isa = PBXBuildFile; fileRef = "_____Product_CuBLAS" /* CuBLAS.framework */; };
		_LinkFileRef_NVRTC_via_NVRTCTests /* NVRTC.framework in Frameworks */ = {isa = PBXBuildFile; fileRef = "_____Product_NVRTC" /* NVRTC.framework */; };
		__src_cc_ref_Sources/CUDADriver/Context.swift /* Context.swift in Sources */ = {isa = PBXBuildFile; fileRef = __PBXFileRef_Sources/CUDADriver/Context.swift /* Context.swift */; };
		__src_cc_ref_Sources/CUDADriver/Module.swift /* Module.swift in Sources */ = {isa = PBXBuildFile; fileRef = __PBXFileRef_Sources/CUDADriver/Module.swift /* Module.swift */; };
		__src_cc_ref_Sources/CUDADriver/PTX.swift /* PTX.swift in Sources */ = {isa = PBXBuildFile; fileRef = __PBXFileRef_Sources/CUDADriver/PTX.swift /* PTX.swift */; };
		__src_cc_ref_Sources/CUDARuntime/Device.swift /* Memory.swift in Sources */ = {isa = PBXBuildFile; fileRef = __PBXFileRef_Sources/CUDARuntime/Device.swift /* Memory.swift */; };
		__src_cc_ref_Sources/CuBLAS/BLAS.swift /* BLAS.swift in Sources */ = {isa = PBXBuildFile; fileRef = __PBXFileRef_Sources/CuBLAS/BLAS.swift /* BLAS.swift */; };
		__src_cc_ref_Sources/NVRTC/Compiler.swift /* Compiler.swift in Sources */ = {isa = PBXBuildFile; fileRef = __PBXFileRef_Sources/NVRTC/Compiler.swift /* Compiler.swift */; };
		__src_cc_ref_Tests/CUDADriverTests/CUDADriverTests.swift /* CUDADriverTests.swift in Sources */ = {isa = PBXBuildFile; fileRef = __PBXFileRef_Tests/CUDADriverTests/CUDADriverTests.swift /* CUDADriverTests.swift */; };
		__src_cc_ref_Tests/CUDARuntimeTests/CUDARuntimeTests.swift /* CUDARuntimeTests.swift in Sources */ = {isa = PBXBuildFile; fileRef = __PBXFileRef_Tests/CUDARuntimeTests/CUDARuntimeTests.swift /* CUDARuntimeTests.swift */; };
		__src_cc_ref_Tests/CuBLASTests/CuBLASTests.swift /* CuBLASTests.swift in Sources */ = {isa = PBXBuildFile; fileRef = __PBXFileRef_Tests/CuBLASTests/CuBLASTests.swift /* CuBLASTests.swift */; };
		__src_cc_ref_Tests/NVRTCTests/NVRTCTests.swift /* NVRTCTests.swift in Sources */ = {isa = PBXBuildFile; fileRef = __PBXFileRef_Tests/NVRTCTests/NVRTCTests.swift /* NVRTCTests.swift */; };
/* End PBXBuildFile section */

/* Begin PBXContainerItemProxy section */
		296275C21DB37A360084EDC2 /* PBXContainerItemProxy */ = {
			isa = PBXContainerItemProxy;
			containerPortal = __RootObject_ /* Project object */;
			proxyType = 1;
			remoteGlobalIDString = "______Target_CUDADriver";
			remoteInfo = CUDADriver;
		};
		296275C31DB37A360084EDC2 /* PBXContainerItemProxy */ = {
			isa = PBXContainerItemProxy;
			containerPortal = __RootObject_ /* Project object */;
			proxyType = 1;
			remoteGlobalIDString = "______Target_CuBLAS";
			remoteInfo = CuBLAS;
		};
		296275C41DB37A360084EDC2 /* PBXContainerItemProxy */ = {
			isa = PBXContainerItemProxy;
			containerPortal = __RootObject_ /* Project object */;
			proxyType = 1;
			remoteGlobalIDString = "______Target_CUDARuntime";
			remoteInfo = CUDARuntime;
		};
		296275C51DB37A360084EDC2 /* PBXContainerItemProxy */ = {
			isa = PBXContainerItemProxy;
			containerPortal = __RootObject_ /* Project object */;
			proxyType = 1;
			remoteGlobalIDString = "______Target_NVRTC";
			remoteInfo = NVRTC;
		};
		2969E84F1DBD79F800AF60E6 /* PBXContainerItemProxy */ = {
			isa = PBXContainerItemProxy;
			containerPortal = __RootObject_ /* Project object */;
			proxyType = 1;
			remoteGlobalIDString = "______Target_CUDARuntime";
			remoteInfo = CUDARuntime;
		};
/* End PBXContainerItemProxy section */

/* Begin PBXFileReference section */
		2916993D1DB38C82003A3B37 /* Device.swift */ = {isa = PBXFileReference; fileEncoding = 4; lastKnownFileType = sourcecode.swift; path = Device.swift; sourceTree = "<group>"; };
		2916993F1DB40E30003A3B37 /* Error.swift */ = {isa = PBXFileReference; fileEncoding = 4; lastKnownFileType = sourcecode.swift; path = Error.swift; sourceTree = "<group>"; };
		291699411DB4176D003A3B37 /* Error.swift */ = {isa = PBXFileReference; fileEncoding = 4; lastKnownFileType = sourcecode.swift; path = Error.swift; sourceTree = "<group>"; };
		291699431DB4270B003A3B37 /* Function.swift */ = {isa = PBXFileReference; fileEncoding = 4; lastKnownFileType = sourcecode.swift; path = Function.swift; sourceTree = "<group>"; };
		291699451DB42F9F003A3B37 /* Memory.swift */ = {isa = PBXFileReference; fileEncoding = 4; lastKnownFileType = sourcecode.swift; path = Memory.swift; sourceTree = "<group>"; };
		291699491DB435C9003A3B37 /* Stream.swift */ = {isa = PBXFileReference; fileEncoding = 4; lastKnownFileType = sourcecode.swift; path = Stream.swift; sourceTree = "<group>"; };
		2942BA051DB77940008B729B /* Error.swift */ = {isa = PBXFileReference; fileEncoding = 4; lastKnownFileType = sourcecode.swift; path = Error.swift; sourceTree = "<group>"; };
		2942BA071DB78158008B729B /* Array.swift */ = {isa = PBXFileReference; fileEncoding = 4; lastKnownFileType = sourcecode.swift; path = Array.swift; sourceTree = "<group>"; };
		2969E8491DBCB90500AF60E6 /* CHandleCarrier.swift */ = {isa = PBXFileReference; fileEncoding = 4; lastKnownFileType = sourcecode.swift; path = CHandleCarrier.swift; sourceTree = "<group>"; };
		2969E84B1DBCC22500AF60E6 /* Driver.swift */ = {isa = PBXFileReference; fileEncoding = 4; lastKnownFileType = sourcecode.swift; path = Driver.swift; sourceTree = "<group>"; };
		2969E84D1DBCEF8700AF60E6 /* Value.swift */ = {isa = PBXFileReference; fileEncoding = 4; lastKnownFileType = sourcecode.swift; name = Value.swift; path = Sources/CUDARuntime/Value.swift; sourceTree = SOURCE_ROOT; };
		2969E8511DBD827F00AF60E6 /* Module.swift */ = {isa = PBXFileReference; fileEncoding = 4; lastKnownFileType = sourcecode.swift; path = Module.swift; sourceTree = "<group>"; };
		2969E8531DBD841800AF60E6 /* Vectors.swift */ = {isa = PBXFileReference; fileEncoding = 4; lastKnownFileType = sourcecode.swift; path = Vectors.swift; sourceTree = "<group>"; };
		2969E8551DBD849400AF60E6 /* Stream.swift */ = {isa = PBXFileReference; fileEncoding = 4; lastKnownFileType = sourcecode.swift; path = Stream.swift; sourceTree = "<group>"; };
		2969E8571DBD877800AF60E6 /* Error.swift */ = {isa = PBXFileReference; fileEncoding = 4; lastKnownFileType = sourcecode.swift; path = Error.swift; sourceTree = "<group>"; };
		29FA398F1DB7FFFD00A34503 /* Device.swift */ = {isa = PBXFileReference; fileEncoding = 4; lastKnownFileType = sourcecode.swift; path = Device.swift; sourceTree = "<group>"; };
		__PBXFileRef_Build /* Build */ = {isa = PBXFileReference; lastKnownFileType = folder; path = Build; sourceTree = "<group>"; };
		__PBXFileRef_CUDA.xcodeproj/Configs/Project.xcconfig /* CUDA.xcodeproj/Configs/Project.xcconfig */ = {isa = PBXFileReference; lastKnownFileType = text.xcconfig; path = CUDA.xcodeproj/Configs/Project.xcconfig; sourceTree = "<group>"; };
		__PBXFileRef_Package.swift /* Package.swift */ = {isa = PBXFileReference; lastKnownFileType = sourcecode.swift; path = Package.swift; sourceTree = "<group>"; };
		__PBXFileRef_Sources/CUDADriver/Context.swift /* Context.swift */ = {isa = PBXFileReference; lastKnownFileType = sourcecode.swift; path = Context.swift; sourceTree = "<group>"; };
		__PBXFileRef_Sources/CUDADriver/Module.swift /* Module.swift */ = {isa = PBXFileReference; lastKnownFileType = sourcecode.swift; path = Module.swift; sourceTree = "<group>"; };
		__PBXFileRef_Sources/CUDADriver/PTX.swift /* PTX.swift */ = {isa = PBXFileReference; lastKnownFileType = sourcecode.swift; path = PTX.swift; sourceTree = "<group>"; };
		__PBXFileRef_Sources/CUDARuntime/Device.swift /* Memory.swift */ = {isa = PBXFileReference; lastKnownFileType = sourcecode.swift; path = Memory.swift; sourceTree = "<group>"; };
		__PBXFileRef_Sources/CuBLAS/BLAS.swift /* BLAS.swift */ = {isa = PBXFileReference; lastKnownFileType = sourcecode.swift; path = BLAS.swift; sourceTree = "<group>"; };
		__PBXFileRef_Sources/NVRTC/Compiler.swift /* Compiler.swift */ = {isa = PBXFileReference; lastKnownFileType = sourcecode.swift; path = Compiler.swift; sourceTree = "<group>"; };
		__PBXFileRef_Tests/CUDADriverTests/CUDADriverTests.swift /* CUDADriverTests.swift */ = {isa = PBXFileReference; lastKnownFileType = sourcecode.swift; path = CUDADriverTests.swift; sourceTree = "<group>"; };
		__PBXFileRef_Tests/CUDARuntimeTests/CUDARuntimeTests.swift /* CUDARuntimeTests.swift */ = {isa = PBXFileReference; lastKnownFileType = sourcecode.swift; path = CUDARuntimeTests.swift; sourceTree = "<group>"; };
		__PBXFileRef_Tests/CuBLASTests/CuBLASTests.swift /* CuBLASTests.swift */ = {isa = PBXFileReference; lastKnownFileType = sourcecode.swift; path = CuBLASTests.swift; sourceTree = "<group>"; };
		__PBXFileRef_Tests/NVRTCTests/NVRTCTests.swift /* NVRTCTests.swift */ = {isa = PBXFileReference; lastKnownFileType = sourcecode.swift; path = NVRTCTests.swift; sourceTree = "<group>"; };
		"_____Product_CUDADriver" /* CUDADriver.framework */ = {isa = PBXFileReference; explicitFileType = wrapper.framework; path = CUDADriver.framework; sourceTree = BUILT_PRODUCTS_DIR; };
		"_____Product_CUDADriverTests" /* CUDADriverTests.xctest */ = {isa = PBXFileReference; explicitFileType = wrapper.cfbundle; path = CUDADriverTests.xctest; sourceTree = BUILT_PRODUCTS_DIR; };
		"_____Product_CUDARuntime" /* CUDARuntime.framework */ = {isa = PBXFileReference; explicitFileType = wrapper.framework; path = CUDARuntime.framework; sourceTree = BUILT_PRODUCTS_DIR; };
		"_____Product_CUDARuntimeTests" /* CUDARuntimeTests.xctest */ = {isa = PBXFileReference; explicitFileType = wrapper.cfbundle; path = CUDARuntimeTests.xctest; sourceTree = BUILT_PRODUCTS_DIR; };
		"_____Product_CuBLAS" /* CuBLAS.framework */ = {isa = PBXFileReference; explicitFileType = wrapper.framework; path = CuBLAS.framework; sourceTree = BUILT_PRODUCTS_DIR; };
		"_____Product_CuBLASTests" /* CuBLASTests.xctest */ = {isa = PBXFileReference; explicitFileType = wrapper.cfbundle; path = CuBLASTests.xctest; sourceTree = BUILT_PRODUCTS_DIR; };
		"_____Product_NVRTC" /* NVRTC.framework */ = {isa = PBXFileReference; explicitFileType = wrapper.framework; path = NVRTC.framework; sourceTree = BUILT_PRODUCTS_DIR; };
		"_____Product_NVRTCTests" /* NVRTCTests.xctest */ = {isa = PBXFileReference; explicitFileType = wrapper.cfbundle; path = NVRTCTests.xctest; sourceTree = BUILT_PRODUCTS_DIR; };
/* End PBXFileReference section */

/* Begin PBXFrameworksBuildPhase section */
		"___LinkPhase_CUDADriver" /* Frameworks */ = {
			isa = PBXFrameworksBuildPhase;
			buildActionMask = 0;
			files = (
			);
			runOnlyForDeploymentPostprocessing = 0;
		};
		"___LinkPhase_CUDADriverTests" /* Frameworks */ = {
			isa = PBXFrameworksBuildPhase;
			buildActionMask = 0;
			files = (
				_LinkFileRef_CUDADriver_via_CUDADriverTests /* CUDADriver.framework in Frameworks */,
			);
			runOnlyForDeploymentPostprocessing = 0;
		};
		"___LinkPhase_CUDARuntime" /* Frameworks */ = {
			isa = PBXFrameworksBuildPhase;
			buildActionMask = 0;
			files = (
			);
			runOnlyForDeploymentPostprocessing = 0;
		};
		"___LinkPhase_CUDARuntimeTests" /* Frameworks */ = {
			isa = PBXFrameworksBuildPhase;
			buildActionMask = 0;
			files = (
				_LinkFileRef_CUDARuntime_via_CUDARuntimeTests /* CUDARuntime.framework in Frameworks */,
			);
			runOnlyForDeploymentPostprocessing = 0;
		};
		"___LinkPhase_CuBLAS" /* Frameworks */ = {
			isa = PBXFrameworksBuildPhase;
			buildActionMask = 0;
			files = (
			);
			runOnlyForDeploymentPostprocessing = 0;
		};
		"___LinkPhase_CuBLASTests" /* Frameworks */ = {
			isa = PBXFrameworksBuildPhase;
			buildActionMask = 0;
			files = (
				_LinkFileRef_CuBLAS_via_CuBLASTests /* CuBLAS.framework in Frameworks */,
			);
			runOnlyForDeploymentPostprocessing = 0;
		};
		"___LinkPhase_NVRTC" /* Frameworks */ = {
			isa = PBXFrameworksBuildPhase;
			buildActionMask = 0;
			files = (
				_LinkFileRef_CUDADriver_via_NVRTC /* CUDADriver.framework in Frameworks */,
			);
			runOnlyForDeploymentPostprocessing = 0;
		};
		"___LinkPhase_NVRTCTests" /* Frameworks */ = {
			isa = PBXFrameworksBuildPhase;
			buildActionMask = 0;
			files = (
				_LinkFileRef_CUDADriver_via_NVRTCTests /* CUDADriver.framework in Frameworks */,
				_LinkFileRef_NVRTC_via_NVRTCTests /* NVRTC.framework in Frameworks */,
			);
			runOnlyForDeploymentPostprocessing = 0;
		};
/* End PBXFrameworksBuildPhase section */

/* Begin PBXGroup section */
		TestProducts_ /* Tests */ = {
			isa = PBXGroup;
			children = (
				"_____Product_CuBLASTests" /* CuBLASTests.xctest */,
				"_____Product_CUDADriverTests" /* CUDADriverTests.xctest */,
				"_____Product_CUDARuntimeTests" /* CUDARuntimeTests.xctest */,
				"_____Product_NVRTCTests" /* NVRTCTests.xctest */,
			);
			name = Tests;
			sourceTree = "<group>";
		};
		"___RootGroup_" = {
			isa = PBXGroup;
			children = (
				__PBXFileRef_Package.swift /* Package.swift */,
				"_____Configs_" /* Configs */,
				"_____Sources_" /* Sources */,
				__PBXFileRef_Build /* Build */,
				"_______Tests_" /* Tests */,
				"____Products_" /* Products */,
			);
			sourceTree = "<group>";
		};
		"____Products_" /* Products */ = {
			isa = PBXGroup;
			children = (
				TestProducts_ /* Tests */,
				"_____Product_CuBLAS" /* CuBLAS.framework */,
				"_____Product_CUDADriver" /* CUDADriver.framework */,
				"_____Product_CUDARuntime" /* CUDARuntime.framework */,
				"_____Product_NVRTC" /* NVRTC.framework */,
			);
			name = Products;
			sourceTree = "<group>";
		};
		"_____Configs_" /* Configs */ = {
			isa = PBXGroup;
			children = (
				__PBXFileRef_CUDA.xcodeproj/Configs/Project.xcconfig /* CUDA.xcodeproj/Configs/Project.xcconfig */,
			);
			name = Configs;
			sourceTree = "<group>";
		};
		"_____Sources_" /* Sources */ = {
			isa = PBXGroup;
			children = (
				"_______Group_CuBLAS" /* CuBLAS */,
				"_______Group_CUDADriver" /* CUDADriver */,
				"_______Group_CUDARuntime" /* CUDARuntime */,
				"_______Group_NVRTC" /* NVRTC */,
			);
			name = Sources;
			sourceTree = "<group>";
		};
		"_______Group_CUDADriver" /* CUDADriver */ = {
			isa = PBXGroup;
			children = (
				2969E84B1DBCC22500AF60E6 /* Driver.swift */,
				2969E8491DBCB90500AF60E6 /* CHandleCarrier.swift */,
				__PBXFileRef_Sources/CUDADriver/Context.swift /* Context.swift */,
				2916993D1DB38C82003A3B37 /* Device.swift */,
				291699451DB42F9F003A3B37 /* Memory.swift */,
				__PBXFileRef_Sources/CUDADriver/Module.swift /* Module.swift */,
				291699431DB4270B003A3B37 /* Function.swift */,
				__PBXFileRef_Sources/CUDADriver/PTX.swift /* PTX.swift */,
				2916993F1DB40E30003A3B37 /* Error.swift */,
				291699491DB435C9003A3B37 /* Stream.swift */,
			);
			name = CUDADriver;
			path = Sources/CUDADriver;
			sourceTree = "<group>";
		};
		"_______Group_CUDADriverTests" /* CUDADriverTests */ = {
			isa = PBXGroup;
			children = (
				__PBXFileRef_Tests/CUDADriverTests/CUDADriverTests.swift /* CUDADriverTests.swift */,
			);
			name = CUDADriverTests;
			path = Tests/CUDADriverTests;
			sourceTree = "<group>";
		};
		"_______Group_CUDARuntime" /* CUDARuntime */ = {
			isa = PBXGroup;
			children = (
				__PBXFileRef_Sources/CUDARuntime/Device.swift /* Memory.swift */,
				2969E8511DBD827F00AF60E6 /* Module.swift */,
				29FA398F1DB7FFFD00A34503 /* Device.swift */,
				2969E8551DBD849400AF60E6 /* Stream.swift */,
				2942BA071DB78158008B729B /* Array.swift */,
				2969E84D1DBCEF8700AF60E6 /* Value.swift */,
				2942BA051DB77940008B729B /* Error.swift */,
			);
			name = CUDARuntime;
			path = Sources/CUDARuntime;
			sourceTree = "<group>";
		};
		"_______Group_CUDARuntimeTests" /* CUDARuntimeTests */ = {
			isa = PBXGroup;
			children = (
				__PBXFileRef_Tests/CUDARuntimeTests/CUDARuntimeTests.swift /* CUDARuntimeTests.swift */,
			);
			name = CUDARuntimeTests;
			path = Tests/CUDARuntimeTests;
			sourceTree = "<group>";
		};
		"_______Group_CuBLAS" /* CuBLAS */ = {
			isa = PBXGroup;
			children = (
				__PBXFileRef_Sources/CuBLAS/BLAS.swift /* BLAS.swift */,
				2969E8571DBD877800AF60E6 /* Error.swift */,
				2969E8531DBD841800AF60E6 /* Vectors.swift */,
			);
			name = CuBLAS;
			path = Sources/CuBLAS;
			sourceTree = "<group>";
		};
		"_______Group_CuBLASTests" /* CuBLASTests */ = {
			isa = PBXGroup;
			children = (
				__PBXFileRef_Tests/CuBLASTests/CuBLASTests.swift /* CuBLASTests.swift */,
			);
			name = CuBLASTests;
			path = Tests/CuBLASTests;
			sourceTree = "<group>";
		};
		"_______Group_NVRTC" /* NVRTC */ = {
			isa = PBXGroup;
			children = (
				__PBXFileRef_Sources/NVRTC/Compiler.swift /* Compiler.swift */,
				291699411DB4176D003A3B37 /* Error.swift */,
			);
			name = NVRTC;
			path = Sources/NVRTC;
			sourceTree = "<group>";
		};
		"_______Group_NVRTCTests" /* NVRTCTests */ = {
			isa = PBXGroup;
			children = (
				__PBXFileRef_Tests/NVRTCTests/NVRTCTests.swift /* NVRTCTests.swift */,
			);
			name = NVRTCTests;
			path = Tests/NVRTCTests;
			sourceTree = "<group>";
		};
		"_______Tests_" /* Tests */ = {
			isa = PBXGroup;
			children = (
				"_______Group_CuBLASTests" /* CuBLASTests */,
				"_______Group_CUDADriverTests" /* CUDADriverTests */,
				"_______Group_CUDARuntimeTests" /* CUDARuntimeTests */,
				"_______Group_NVRTCTests" /* NVRTCTests */,
			);
			name = Tests;
			sourceTree = "<group>";
		};
/* End PBXGroup section */

/* Begin PBXNativeTarget section */
		"______Target_CUDADriver" /* CUDADriver */ = {
			isa = PBXNativeTarget;
			buildConfigurationList = "_______Confs_CUDADriver" /* Build configuration list for PBXNativeTarget "CUDADriver" */;
			buildPhases = (
				CompilePhase_CUDADriver /* Sources */,
				"___LinkPhase_CUDADriver" /* Frameworks */,
			);
			buildRules = (
			);
			dependencies = (
			);
			name = CUDADriver;
			productName = CUDADriver;
			productReference = "_____Product_CUDADriver" /* CUDADriver.framework */;
			productType = "com.apple.product-type.framework";
		};
		"______Target_CUDADriverTests" /* CUDADriverTests */ = {
			isa = PBXNativeTarget;
			buildConfigurationList = "_______Confs_CUDADriverTests" /* Build configuration list for PBXNativeTarget "CUDADriverTests" */;
			buildPhases = (
				CompilePhase_CUDADriverTests /* Sources */,
				"___LinkPhase_CUDADriverTests" /* Frameworks */,
			);
			buildRules = (
			);
			dependencies = (
				__Dependency_CUDADriver /* PBXTargetDependency */,
			);
			name = CUDADriverTests;
			productName = CUDADriverTests;
			productReference = "_____Product_CUDADriverTests" /* CUDADriverTests.xctest */;
			productType = "com.apple.product-type.bundle.unit-test";
		};
		"______Target_CUDARuntime" /* CUDARuntime */ = {
			isa = PBXNativeTarget;
			buildConfigurationList = "_______Confs_CUDARuntime" /* Build configuration list for PBXNativeTarget "CUDARuntime" */;
			buildPhases = (
				CompilePhase_CUDARuntime /* Sources */,
				"___LinkPhase_CUDARuntime" /* Frameworks */,
			);
			buildRules = (
			);
			dependencies = (
			);
			name = CUDARuntime;
			productName = CUDARuntime;
			productReference = "_____Product_CUDARuntime" /* CUDARuntime.framework */;
			productType = "com.apple.product-type.framework";
		};
		"______Target_CUDARuntimeTests" /* CUDARuntimeTests */ = {
			isa = PBXNativeTarget;
			buildConfigurationList = "_______Confs_CUDARuntimeTests" /* Build configuration list for PBXNativeTarget "CUDARuntimeTests" */;
			buildPhases = (
				CompilePhase_CUDARuntimeTests /* Sources */,
				"___LinkPhase_CUDARuntimeTests" /* Frameworks */,
			);
			buildRules = (
			);
			dependencies = (
				__Dependency_CUDARuntime /* PBXTargetDependency */,
			);
			name = CUDARuntimeTests;
			productName = CUDARuntimeTests;
			productReference = "_____Product_CUDARuntimeTests" /* CUDARuntimeTests.xctest */;
			productType = "com.apple.product-type.bundle.unit-test";
		};
		"______Target_CuBLAS" /* CuBLAS */ = {
			isa = PBXNativeTarget;
			buildConfigurationList = "_______Confs_CuBLAS" /* Build configuration list for PBXNativeTarget "CuBLAS" */;
			buildPhases = (
				CompilePhase_CuBLAS /* Sources */,
				"___LinkPhase_CuBLAS" /* Frameworks */,
			);
			buildRules = (
			);
			dependencies = (
				2969E8501DBD79F800AF60E6 /* PBXTargetDependency */,
			);
			name = CuBLAS;
			productName = CuBLAS;
			productReference = "_____Product_CuBLAS" /* CuBLAS.framework */;
			productType = "com.apple.product-type.framework";
		};
		"______Target_CuBLASTests" /* CuBLASTests */ = {
			isa = PBXNativeTarget;
			buildConfigurationList = "_______Confs_CuBLASTests" /* Build configuration list for PBXNativeTarget "CuBLASTests" */;
			buildPhases = (
				CompilePhase_CuBLASTests /* Sources */,
				"___LinkPhase_CuBLASTests" /* Frameworks */,
			);
			buildRules = (
			);
			dependencies = (
				__Dependency_CuBLAS /* PBXTargetDependency */,
			);
			name = CuBLASTests;
			productName = CuBLASTests;
			productReference = "_____Product_CuBLASTests" /* CuBLASTests.xctest */;
			productType = "com.apple.product-type.bundle.unit-test";
		};
		"______Target_NVRTC" /* NVRTC */ = {
			isa = PBXNativeTarget;
			buildConfigurationList = "_______Confs_NVRTC" /* Build configuration list for PBXNativeTarget "NVRTC" */;
			buildPhases = (
				CompilePhase_NVRTC /* Sources */,
				"___LinkPhase_NVRTC" /* Frameworks */,
			);
			buildRules = (
			);
			dependencies = (
				__Dependency_CUDADriver /* PBXTargetDependency */,
			);
			name = NVRTC;
			productName = NVRTC;
			productReference = "_____Product_NVRTC" /* NVRTC.framework */;
			productType = "com.apple.product-type.framework";
		};
		"______Target_NVRTCTests" /* NVRTCTests */ = {
			isa = PBXNativeTarget;
			buildConfigurationList = "_______Confs_NVRTCTests" /* Build configuration list for PBXNativeTarget "NVRTCTests" */;
			buildPhases = (
				CompilePhase_NVRTCTests /* Sources */,
				"___LinkPhase_NVRTCTests" /* Frameworks */,
			);
			buildRules = (
			);
			dependencies = (
				__Dependency_NVRTC /* PBXTargetDependency */,
			);
			name = NVRTCTests;
			productName = NVRTCTests;
			productReference = "_____Product_NVRTCTests" /* NVRTCTests.xctest */;
			productType = "com.apple.product-type.bundle.unit-test";
		};
/* End PBXNativeTarget section */

/* Begin PBXProject section */
		__RootObject_ /* Project object */ = {
			isa = PBXProject;
			attributes = {
				LastUpgradeCheck = 9999;
			};
			buildConfigurationList = "___RootConfs_" /* Build configuration list for PBXProject "CUDA" */;
			compatibilityVersion = "Xcode 3.2";
			developmentRegion = English;
			hasScannedForEncodings = 0;
			knownRegions = (
				en,
			);
			mainGroup = "___RootGroup_";
			productRefGroup = "____Products_" /* Products */;
			projectDirPath = "";
			projectRoot = "";
			targets = (
				"______Target_CuBLAS" /* CuBLAS */,
				"______Target_CUDADriver" /* CUDADriver */,
				"______Target_CUDARuntime" /* CUDARuntime */,
				"______Target_NVRTC" /* NVRTC */,
				"______Target_CuBLASTests" /* CuBLASTests */,
				"______Target_CUDADriverTests" /* CUDADriverTests */,
				"______Target_CUDARuntimeTests" /* CUDARuntimeTests */,
				"______Target_NVRTCTests" /* NVRTCTests */,
			);
		};
/* End PBXProject section */

/* Begin PBXSourcesBuildPhase section */
		CompilePhase_CUDADriver /* Sources */ = {
			isa = PBXSourcesBuildPhase;
			buildActionMask = 0;
			files = (
				__src_cc_ref_Sources/CUDADriver/Context.swift /* Context.swift in Sources */,
				2969E84A1DBCB90500AF60E6 /* CHandleCarrier.swift in Sources */,
				__src_cc_ref_Sources/CUDADriver/Module.swift /* Module.swift in Sources */,
				__src_cc_ref_Sources/CUDADriver/PTX.swift /* PTX.swift in Sources */,
				2916994A1DB435C9003A3B37 /* Stream.swift in Sources */,
				2969E84C1DBCC22500AF60E6 /* Driver.swift in Sources */,
				291699461DB42F9F003A3B37 /* Memory.swift in Sources */,
				291699441DB4270B003A3B37 /* Function.swift in Sources */,
				291699401DB40E30003A3B37 /* Error.swift in Sources */,
				2916993E1DB38C82003A3B37 /* Device.swift in Sources */,
			);
			runOnlyForDeploymentPostprocessing = 0;
		};
		CompilePhase_CUDADriverTests /* Sources */ = {
			isa = PBXSourcesBuildPhase;
			buildActionMask = 0;
			files = (
				__src_cc_ref_Tests/CUDADriverTests/CUDADriverTests.swift /* CUDADriverTests.swift in Sources */,
			);
			runOnlyForDeploymentPostprocessing = 0;
		};
		CompilePhase_CUDARuntime /* Sources */ = {
			isa = PBXSourcesBuildPhase;
			buildActionMask = 0;
			files = (
				2942BA081DB78158008B729B /* Array.swift in Sources */,
				2942BA061DB77940008B729B /* Error.swift in Sources */,
				2969E84E1DBCEF8700AF60E6 /* Value.swift in Sources */,
				__src_cc_ref_Sources/CUDARuntime/Device.swift /* Memory.swift in Sources */,
				29FA39901DB7FFFD00A34503 /* Device.swift in Sources */,
				2969E8521DBD827F00AF60E6 /* Module.swift in Sources */,
				2969E8561DBD849400AF60E6 /* Stream.swift in Sources */,
			);
			runOnlyForDeploymentPostprocessing = 0;
		};
		CompilePhase_CUDARuntimeTests /* Sources */ = {
			isa = PBXSourcesBuildPhase;
			buildActionMask = 0;
			files = (
				__src_cc_ref_Tests/CUDARuntimeTests/CUDARuntimeTests.swift /* CUDARuntimeTests.swift in Sources */,
			);
			runOnlyForDeploymentPostprocessing = 0;
		};
		CompilePhase_CuBLAS /* Sources */ = {
			isa = PBXSourcesBuildPhase;
			buildActionMask = 0;
			files = (
				2969E8541DBD841800AF60E6 /* Vectors.swift in Sources */,
				2969E8591DBD877F00AF60E6 /* Error.swift in Sources */,
				__src_cc_ref_Sources/CuBLAS/BLAS.swift /* BLAS.swift in Sources */,
			);
			runOnlyForDeploymentPostprocessing = 0;
		};
		CompilePhase_CuBLASTests /* Sources */ = {
			isa = PBXSourcesBuildPhase;
			buildActionMask = 0;
			files = (
				__src_cc_ref_Tests/CuBLASTests/CuBLASTests.swift /* CuBLASTests.swift in Sources */,
			);
			runOnlyForDeploymentPostprocessing = 0;
		};
		CompilePhase_NVRTC /* Sources */ = {
			isa = PBXSourcesBuildPhase;
			buildActionMask = 0;
			files = (
				291699421DB4176D003A3B37 /* Error.swift in Sources */,
				__src_cc_ref_Sources/NVRTC/Compiler.swift /* Compiler.swift in Sources */,
			);
			runOnlyForDeploymentPostprocessing = 0;
		};
		CompilePhase_NVRTCTests /* Sources */ = {
			isa = PBXSourcesBuildPhase;
			buildActionMask = 0;
			files = (
				__src_cc_ref_Tests/NVRTCTests/NVRTCTests.swift /* NVRTCTests.swift in Sources */,
			);
			runOnlyForDeploymentPostprocessing = 0;
		};
/* End PBXSourcesBuildPhase section */

/* Begin PBXTargetDependency section */
		2969E8501DBD79F800AF60E6 /* PBXTargetDependency */ = {
			isa = PBXTargetDependency;
			target = "______Target_CUDARuntime" /* CUDARuntime */;
			targetProxy = 2969E84F1DBD79F800AF60E6 /* PBXContainerItemProxy */;
		};
		__Dependency_CUDADriver /* PBXTargetDependency */ = {
			isa = PBXTargetDependency;
			target = "______Target_CUDADriver" /* CUDADriver */;
			targetProxy = 296275C21DB37A360084EDC2 /* PBXContainerItemProxy */;
		};
		__Dependency_CUDARuntime /* PBXTargetDependency */ = {
			isa = PBXTargetDependency;
			target = "______Target_CUDARuntime" /* CUDARuntime */;
			targetProxy = 296275C41DB37A360084EDC2 /* PBXContainerItemProxy */;
		};
		__Dependency_CuBLAS /* PBXTargetDependency */ = {
			isa = PBXTargetDependency;
			target = "______Target_CuBLAS" /* CuBLAS */;
			targetProxy = 296275C31DB37A360084EDC2 /* PBXContainerItemProxy */;
		};
		__Dependency_NVRTC /* PBXTargetDependency */ = {
			isa = PBXTargetDependency;
			target = "______Target_NVRTC" /* NVRTC */;
			targetProxy = 296275C51DB37A360084EDC2 /* PBXContainerItemProxy */;
		};
/* End PBXTargetDependency section */

/* Begin XCBuildConfiguration section */
		_ReleaseConf_CUDADriver /* Release */ = {
			isa = XCBuildConfiguration;
			buildSettings = {
				ENABLE_TESTABILITY = YES;
				FRAMEWORK_SEARCH_PATHS = "$(PLATFORM_DIR)/Developer/Library/Frameworks";
				HEADER_SEARCH_PATHS = "/Users/rxwei/Development/ML/CUDA/Packages/CCUDA-1.4.0";
				INFOPLIST_FILE = CUDA.xcodeproj/CUDADriver_Info.plist;
				LD_RUNPATH_SEARCH_PATHS = "$(TOOLCHAIN_DIR)/usr/lib/swift/macosx";
				OTHER_LDFLAGS = "$(inherited)";
				OTHER_SWIFT_FLAGS = "$(inherited)";
				PRODUCT_BUNDLE_IDENTIFIER = CUDADriver;
				PRODUCT_MODULE_NAME = "$(TARGET_NAME:c99extidentifier)";
				PRODUCT_NAME = "$(TARGET_NAME:c99extidentifier)";
				SWIFT_VERSION = 3.0;
			};
			name = Release;
		};
		_ReleaseConf_CUDADriverTests /* Release */ = {
			isa = XCBuildConfiguration;
			buildSettings = {
				EMBEDDED_CONTENT_CONTAINS_SWIFT = YES;
				FRAMEWORK_SEARCH_PATHS = "$(PLATFORM_DIR)/Developer/Library/Frameworks";
				HEADER_SEARCH_PATHS = "/Users/rxwei/Development/ML/CUDA/Packages/CCUDA-1.4.0";
				INFOPLIST_FILE = CUDA.xcodeproj/CUDADriverTests_Info.plist;
				LD_RUNPATH_SEARCH_PATHS = "@loader_path/../Frameworks /usr/local/cuda/lib";
				OTHER_LDFLAGS = "$(inherited)";
				OTHER_SWIFT_FLAGS = "$(inherited)";
				SWIFT_VERSION = 3.0;
			};
			name = Release;
		};
		_ReleaseConf_CUDARuntime /* Release */ = {
			isa = XCBuildConfiguration;
			buildSettings = {
				ENABLE_TESTABILITY = YES;
				FRAMEWORK_SEARCH_PATHS = "$(PLATFORM_DIR)/Developer/Library/Frameworks";
				HEADER_SEARCH_PATHS = "/Users/rxwei/Development/ML/CUDA/Packages/CCUDA-1.4.0";
				INFOPLIST_FILE = CUDA.xcodeproj/CUDARuntime_Info.plist;
				LD_RUNPATH_SEARCH_PATHS = "$(TOOLCHAIN_DIR)/usr/lib/swift/macosx /usr/local/cuda/lib";
				OTHER_LDFLAGS = "$(inherited)";
				OTHER_SWIFT_FLAGS = "$(inherited)";
				PRODUCT_BUNDLE_IDENTIFIER = CUDARuntime;
				PRODUCT_MODULE_NAME = "$(TARGET_NAME:c99extidentifier)";
				PRODUCT_NAME = "$(TARGET_NAME:c99extidentifier)";
				SWIFT_VERSION = 3.0;
			};
			name = Release;
		};
		_ReleaseConf_CUDARuntimeTests /* Release */ = {
			isa = XCBuildConfiguration;
			buildSettings = {
				EMBEDDED_CONTENT_CONTAINS_SWIFT = YES;
				FRAMEWORK_SEARCH_PATHS = "$(PLATFORM_DIR)/Developer/Library/Frameworks";
				HEADER_SEARCH_PATHS = "/Users/rxwei/Development/ML/CUDA/Packages/CCUDA-1.4.0";
				INFOPLIST_FILE = CUDA.xcodeproj/CUDARuntimeTests_Info.plist;
				LD_RUNPATH_SEARCH_PATHS = "@loader_path/../Frameworks";
				OTHER_LDFLAGS = "$(inherited)";
				OTHER_SWIFT_FLAGS = "$(inherited)";
				SWIFT_VERSION = 3.0;
			};
			name = Release;
		};
		_ReleaseConf_CuBLAS /* Release */ = {
			isa = XCBuildConfiguration;
			buildSettings = {
				ENABLE_TESTABILITY = YES;
				FRAMEWORK_SEARCH_PATHS = "$(PLATFORM_DIR)/Developer/Library/Frameworks";
				HEADER_SEARCH_PATHS = "/Users/rxwei/Development/ML/CUDA/Packages/CCUDA-1.4.0";
				INFOPLIST_FILE = CUDA.xcodeproj/CuBLAS_Info.plist;
				LD_RUNPATH_SEARCH_PATHS = "$(TOOLCHAIN_DIR)/usr/lib/swift/macosx";
				OTHER_LDFLAGS = "$(inherited)";
				OTHER_SWIFT_FLAGS = "$(inherited)";
				PRODUCT_BUNDLE_IDENTIFIER = CuBLAS;
				PRODUCT_MODULE_NAME = "$(TARGET_NAME:c99extidentifier)";
				PRODUCT_NAME = "$(TARGET_NAME:c99extidentifier)";
				SWIFT_VERSION = 3.0;
			};
			name = Release;
		};
		_ReleaseConf_CuBLASTests /* Release */ = {
			isa = XCBuildConfiguration;
			buildSettings = {
				EMBEDDED_CONTENT_CONTAINS_SWIFT = YES;
				FRAMEWORK_SEARCH_PATHS = "$(PLATFORM_DIR)/Developer/Library/Frameworks";
				HEADER_SEARCH_PATHS = "/Users/rxwei/Development/ML/CUDA/Packages/CCUDA-1.4.0";
				INFOPLIST_FILE = CUDA.xcodeproj/CuBLASTests_Info.plist;
				LD_RUNPATH_SEARCH_PATHS = "@loader_path/../Frameworks /usr/local/cuda/lib";
				OTHER_LDFLAGS = "$(inherited)";
				OTHER_SWIFT_FLAGS = "$(inherited)";
				SWIFT_VERSION = 3.0;
			};
			name = Release;
		};
		_ReleaseConf_NVRTC /* Release */ = {
			isa = XCBuildConfiguration;
			buildSettings = {
				ENABLE_TESTABILITY = YES;
				FRAMEWORK_SEARCH_PATHS = "$(PLATFORM_DIR)/Developer/Library/Frameworks";
				HEADER_SEARCH_PATHS = "/Users/rxwei/Development/ML/CUDA/Packages/CCUDA-1.4.0";
				INFOPLIST_FILE = CUDA.xcodeproj/NVRTC_Info.plist;
				LD_RUNPATH_SEARCH_PATHS = "$(TOOLCHAIN_DIR)/usr/lib/swift/macosx";
				OTHER_LDFLAGS = "$(inherited)";
				OTHER_SWIFT_FLAGS = "$(inherited)";
				PRODUCT_BUNDLE_IDENTIFIER = NVRTC;
				PRODUCT_MODULE_NAME = "$(TARGET_NAME:c99extidentifier)";
				PRODUCT_NAME = "$(TARGET_NAME:c99extidentifier)";
				SWIFT_VERSION = 3.0;
			};
			name = Release;
		};
		_ReleaseConf_NVRTCTests /* Release */ = {
			isa = XCBuildConfiguration;
			buildSettings = {
				EMBEDDED_CONTENT_CONTAINS_SWIFT = YES;
				FRAMEWORK_SEARCH_PATHS = "$(PLATFORM_DIR)/Developer/Library/Frameworks";
				HEADER_SEARCH_PATHS = "/Users/rxwei/Development/ML/CUDA/Packages/CCUDA-1.4.0";
				INFOPLIST_FILE = CUDA.xcodeproj/NVRTCTests_Info.plist;
				LD_RUNPATH_SEARCH_PATHS = "@loader_path/../Frameworks /usr/local/cuda/lib";
				OTHER_LDFLAGS = "$(inherited)";
				OTHER_SWIFT_FLAGS = "$(inherited)";
				SWIFT_VERSION = 3.0;
			};
			name = Release;
		};
		"___DebugConf_CUDADriver" /* Debug */ = {
			isa = XCBuildConfiguration;
			buildSettings = {
				ENABLE_TESTABILITY = YES;
				FRAMEWORK_SEARCH_PATHS = "$(PLATFORM_DIR)/Developer/Library/Frameworks";
				HEADER_SEARCH_PATHS = "/Users/rxwei/Development/ML/CUDA/Packages/CCUDA-1.4.0";
				INFOPLIST_FILE = CUDA.xcodeproj/CUDADriver_Info.plist;
				LD_RUNPATH_SEARCH_PATHS = "$(TOOLCHAIN_DIR)/usr/lib/swift/macosx";
				OTHER_LDFLAGS = "$(inherited)";
				OTHER_SWIFT_FLAGS = "$(inherited)";
				PRODUCT_BUNDLE_IDENTIFIER = CUDADriver;
				PRODUCT_MODULE_NAME = "$(TARGET_NAME:c99extidentifier)";
				PRODUCT_NAME = "$(TARGET_NAME:c99extidentifier)";
				SWIFT_OPTIMIZATION_LEVEL = "-Onone";
				SWIFT_VERSION = 3.0;
			};
			name = Debug;
		};
		"___DebugConf_CUDADriverTests" /* Debug */ = {
			isa = XCBuildConfiguration;
			buildSettings = {
				EMBEDDED_CONTENT_CONTAINS_SWIFT = YES;
				FRAMEWORK_SEARCH_PATHS = "$(PLATFORM_DIR)/Developer/Library/Frameworks";
				HEADER_SEARCH_PATHS = "/Users/rxwei/Development/ML/CUDA/Packages/CCUDA-1.4.0";
				INFOPLIST_FILE = CUDA.xcodeproj/CUDADriverTests_Info.plist;
				LD_RUNPATH_SEARCH_PATHS = "@loader_path/../Frameworks /usr/local/cuda/lib";
				OTHER_LDFLAGS = "$(inherited)";
				OTHER_SWIFT_FLAGS = "$(inherited)";
				SWIFT_OPTIMIZATION_LEVEL = "-Onone";
				SWIFT_VERSION = 3.0;
			};
			name = Debug;
		};
		"___DebugConf_CUDARuntime" /* Debug */ = {
			isa = XCBuildConfiguration;
			buildSettings = {
				ENABLE_TESTABILITY = YES;
				FRAMEWORK_SEARCH_PATHS = "$(PLATFORM_DIR)/Developer/Library/Frameworks";
				HEADER_SEARCH_PATHS = "/Users/rxwei/Development/ML/CUDA/Packages/CCUDA-1.4.0";
				INFOPLIST_FILE = CUDA.xcodeproj/CUDARuntime_Info.plist;
				LD_RUNPATH_SEARCH_PATHS = "$(TOOLCHAIN_DIR)/usr/lib/swift/macosx /usr/local/cuda/lib";
				OTHER_LDFLAGS = "$(inherited)";
				OTHER_SWIFT_FLAGS = "$(inherited)";
				PRODUCT_BUNDLE_IDENTIFIER = CUDARuntime;
				PRODUCT_MODULE_NAME = "$(TARGET_NAME:c99extidentifier)";
				PRODUCT_NAME = "$(TARGET_NAME:c99extidentifier)";
				SWIFT_OPTIMIZATION_LEVEL = "-Onone";
				SWIFT_VERSION = 3.0;
			};
			name = Debug;
		};
		"___DebugConf_CUDARuntimeTests" /* Debug */ = {
			isa = XCBuildConfiguration;
			buildSettings = {
				EMBEDDED_CONTENT_CONTAINS_SWIFT = YES;
				FRAMEWORK_SEARCH_PATHS = "$(PLATFORM_DIR)/Developer/Library/Frameworks";
				HEADER_SEARCH_PATHS = "/Users/rxwei/Development/ML/CUDA/Packages/CCUDA-1.4.0";
				INFOPLIST_FILE = CUDA.xcodeproj/CUDARuntimeTests_Info.plist;
				LD_RUNPATH_SEARCH_PATHS = "@loader_path/../Frameworks";
				OTHER_LDFLAGS = "$(inherited)";
				OTHER_SWIFT_FLAGS = "$(inherited)";
				SWIFT_OPTIMIZATION_LEVEL = "-Onone";
				SWIFT_VERSION = 3.0;
			};
			name = Debug;
		};
		"___DebugConf_CuBLAS" /* Debug */ = {
			isa = XCBuildConfiguration;
			buildSettings = {
				ENABLE_TESTABILITY = YES;
				FRAMEWORK_SEARCH_PATHS = "$(PLATFORM_DIR)/Developer/Library/Frameworks";
				HEADER_SEARCH_PATHS = "/Users/rxwei/Development/ML/CUDA/Packages/CCUDA-1.4.0";
				INFOPLIST_FILE = CUDA.xcodeproj/CuBLAS_Info.plist;
				LD_RUNPATH_SEARCH_PATHS = "$(TOOLCHAIN_DIR)/usr/lib/swift/macosx";
				OTHER_LDFLAGS = "$(inherited)";
				OTHER_SWIFT_FLAGS = "$(inherited)";
				PRODUCT_BUNDLE_IDENTIFIER = CuBLAS;
				PRODUCT_MODULE_NAME = "$(TARGET_NAME:c99extidentifier)";
				PRODUCT_NAME = "$(TARGET_NAME:c99extidentifier)";
				SWIFT_OPTIMIZATION_LEVEL = "-Onone";
				SWIFT_VERSION = 3.0;
			};
			name = Debug;
		};
		"___DebugConf_CuBLASTests" /* Debug */ = {
			isa = XCBuildConfiguration;
			buildSettings = {
				EMBEDDED_CONTENT_CONTAINS_SWIFT = YES;
				FRAMEWORK_SEARCH_PATHS = "$(PLATFORM_DIR)/Developer/Library/Frameworks";
				HEADER_SEARCH_PATHS = "/Users/rxwei/Development/ML/CUDA/Packages/CCUDA-1.4.0";
				INFOPLIST_FILE = CUDA.xcodeproj/CuBLASTests_Info.plist;
				LD_RUNPATH_SEARCH_PATHS = "@loader_path/../Frameworks /usr/local/cuda/lib";
				OTHER_LDFLAGS = "$(inherited)";
				OTHER_SWIFT_FLAGS = "$(inherited)";
				SWIFT_OPTIMIZATION_LEVEL = "-Onone";
				SWIFT_VERSION = 3.0;
			};
			name = Debug;
		};
		"___DebugConf_NVRTC" /* Debug */ = {
			isa = XCBuildConfiguration;
			buildSettings = {
				ENABLE_TESTABILITY = YES;
				FRAMEWORK_SEARCH_PATHS = "$(PLATFORM_DIR)/Developer/Library/Frameworks";
				HEADER_SEARCH_PATHS = "/Users/rxwei/Development/ML/CUDA/Packages/CCUDA-1.4.0";
				INFOPLIST_FILE = CUDA.xcodeproj/NVRTC_Info.plist;
				LD_RUNPATH_SEARCH_PATHS = "$(TOOLCHAIN_DIR)/usr/lib/swift/macosx";
				OTHER_LDFLAGS = "$(inherited)";
				OTHER_SWIFT_FLAGS = "$(inherited)";
				PRODUCT_BUNDLE_IDENTIFIER = NVRTC;
				PRODUCT_MODULE_NAME = "$(TARGET_NAME:c99extidentifier)";
				PRODUCT_NAME = "$(TARGET_NAME:c99extidentifier)";
				SWIFT_OPTIMIZATION_LEVEL = "-Onone";
				SWIFT_VERSION = 3.0;
			};
			name = Debug;
		};
		"___DebugConf_NVRTCTests" /* Debug */ = {
			isa = XCBuildConfiguration;
			buildSettings = {
				EMBEDDED_CONTENT_CONTAINS_SWIFT = YES;
				FRAMEWORK_SEARCH_PATHS = "$(PLATFORM_DIR)/Developer/Library/Frameworks";
				HEADER_SEARCH_PATHS = "/Users/rxwei/Development/ML/CUDA/Packages/CCUDA-1.4.0";
				INFOPLIST_FILE = CUDA.xcodeproj/NVRTCTests_Info.plist;
				LD_RUNPATH_SEARCH_PATHS = "@loader_path/../Frameworks /usr/local/cuda/lib";
				OTHER_LDFLAGS = "$(inherited)";
				OTHER_SWIFT_FLAGS = "$(inherited)";
				SWIFT_OPTIMIZATION_LEVEL = "-Onone";
				SWIFT_VERSION = 3.0;
			};
			name = Debug;
		};
		"_____Release_" /* Release */ = {
			isa = XCBuildConfiguration;
			baseConfigurationReference = __PBXFileRef_CUDA.xcodeproj/Configs/Project.xcconfig /* CUDA.xcodeproj/Configs/Project.xcconfig */;
			buildSettings = {
			};
			name = Release;
		};
		"_______Debug_" /* Debug */ = {
			isa = XCBuildConfiguration;
			baseConfigurationReference = __PBXFileRef_CUDA.xcodeproj/Configs/Project.xcconfig /* CUDA.xcodeproj/Configs/Project.xcconfig */;
			buildSettings = {
			};
			name = Debug;
		};
/* End XCBuildConfiguration section */

/* Begin XCConfigurationList section */
		"___RootConfs_" /* Build configuration list for PBXProject "CUDA" */ = {
			isa = XCConfigurationList;
			buildConfigurations = (
				"_______Debug_" /* Debug */,
				"_____Release_" /* Release */,
			);
			defaultConfigurationIsVisible = 0;
			defaultConfigurationName = Debug;
		};
		"_______Confs_CUDADriver" /* Build configuration list for PBXNativeTarget "CUDADriver" */ = {
			isa = XCConfigurationList;
			buildConfigurations = (
				"___DebugConf_CUDADriver" /* Debug */,
				_ReleaseConf_CUDADriver /* Release */,
			);
			defaultConfigurationIsVisible = 0;
			defaultConfigurationName = Debug;
		};
		"_______Confs_CUDADriverTests" /* Build configuration list for PBXNativeTarget "CUDADriverTests" */ = {
			isa = XCConfigurationList;
			buildConfigurations = (
				"___DebugConf_CUDADriverTests" /* Debug */,
				_ReleaseConf_CUDADriverTests /* Release */,
			);
			defaultConfigurationIsVisible = 0;
			defaultConfigurationName = Debug;
		};
		"_______Confs_CUDARuntime" /* Build configuration list for PBXNativeTarget "CUDARuntime" */ = {
			isa = XCConfigurationList;
			buildConfigurations = (
				"___DebugConf_CUDARuntime" /* Debug */,
				_ReleaseConf_CUDARuntime /* Release */,
			);
			defaultConfigurationIsVisible = 0;
			defaultConfigurationName = Debug;
		};
		"_______Confs_CUDARuntimeTests" /* Build configuration list for PBXNativeTarget "CUDARuntimeTests" */ = {
			isa = XCConfigurationList;
			buildConfigurations = (
				"___DebugConf_CUDARuntimeTests" /* Debug */,
				_ReleaseConf_CUDARuntimeTests /* Release */,
			);
			defaultConfigurationIsVisible = 0;
			defaultConfigurationName = Debug;
		};
		"_______Confs_CuBLAS" /* Build configuration list for PBXNativeTarget "CuBLAS" */ = {
			isa = XCConfigurationList;
			buildConfigurations = (
				"___DebugConf_CuBLAS" /* Debug */,
				_ReleaseConf_CuBLAS /* Release */,
			);
			defaultConfigurationIsVisible = 0;
			defaultConfigurationName = Debug;
		};
		"_______Confs_CuBLASTests" /* Build configuration list for PBXNativeTarget "CuBLASTests" */ = {
			isa = XCConfigurationList;
			buildConfigurations = (
				"___DebugConf_CuBLASTests" /* Debug */,
				_ReleaseConf_CuBLASTests /* Release */,
			);
			defaultConfigurationIsVisible = 0;
			defaultConfigurationName = Debug;
		};
		"_______Confs_NVRTC" /* Build configuration list for PBXNativeTarget "NVRTC" */ = {
			isa = XCConfigurationList;
			buildConfigurations = (
				"___DebugConf_NVRTC" /* Debug */,
				_ReleaseConf_NVRTC /* Release */,
			);
			defaultConfigurationIsVisible = 0;
			defaultConfigurationName = Debug;
		};
		"_______Confs_NVRTCTests" /* Build configuration list for PBXNativeTarget "NVRTCTests" */ = {
			isa = XCConfigurationList;
			buildConfigurations = (
				"___DebugConf_NVRTCTests" /* Debug */,
				_ReleaseConf_NVRTCTests /* Release */,
			);
			defaultConfigurationIsVisible = 0;
			defaultConfigurationName = Debug;
		};
/* End XCConfigurationList section */
	};
	rootObject = __RootObject_ /* Project object */;
}
