// !$*UTF8*$!
{
	archiveVersion = 1;
	classes = {
	};
	objectVersion = 46;
	objects = {

/* Begin PBXBuildFile section */
		2989D0671DCD737400ED8CE2 /* ValueBuffer.swift in Sources */ = {isa = PBXBuildFile; fileRef = 2989D0661DCD737400ED8CE2 /* ValueBuffer.swift */; };
		2989D06A1DCE720600ED8CE2 /* DeviceOperations.swift in Sources */ = {isa = PBXBuildFile; fileRef = 2989D0691DCE720600ED8CE2 /* DeviceOperations.swift */; };
		2989D06C1DCE763200ED8CE2 /* Types.swift in Sources */ = {isa = PBXBuildFile; fileRef = 2989D06B1DCE763200ED8CE2 /* Types.swift */; };
		29B5897C1DD65FA10069D423 /* Level3.swift in Sources */ = {isa = PBXBuildFile; fileRef = 29B5897B1DD65FA10069D423 /* Level3.swift */; };
		OBJ_105 /* Device.swift in Sources */ = {isa = PBXBuildFile; fileRef = OBJ_25 /* Device.swift */; };
		OBJ_106 /* Error.swift in Sources */ = {isa = PBXBuildFile; fileRef = OBJ_26 /* Error.swift */; };
		OBJ_107 /* Function.swift in Sources */ = {isa = PBXBuildFile; fileRef = OBJ_27 /* Function.swift */; };
		OBJ_108 /* Memory.swift in Sources */ = {isa = PBXBuildFile; fileRef = OBJ_28 /* Memory.swift */; };
		OBJ_110 /* Stream.swift in Sources */ = {isa = PBXBuildFile; fileRef = OBJ_30 /* Stream.swift */; };
		OBJ_112 /* CUDADriver.framework in Frameworks */ = {isa = PBXBuildFile; fileRef = OBJ_61 /* CUDADriver.framework */; };
		OBJ_119 /* Compiler.swift in Sources */ = {isa = PBXBuildFile; fileRef = OBJ_32 /* Compiler.swift */; };
		OBJ_120 /* Error.swift in Sources */ = {isa = PBXBuildFile; fileRef = OBJ_33 /* Error.swift */; };
		OBJ_121 /* Option.swift in Sources */ = {isa = PBXBuildFile; fileRef = OBJ_34 /* Option.swift */; };
		OBJ_123 /* CUDADriver.framework in Frameworks */ = {isa = PBXBuildFile; fileRef = OBJ_61 /* CUDADriver.framework */; };
		OBJ_130 /* Array.swift in Sources */ = {isa = PBXBuildFile; fileRef = OBJ_36 /* Array.swift */; };
		OBJ_131 /* ArrayBuffer.swift in Sources */ = {isa = PBXBuildFile; fileRef = OBJ_37 /* ArrayBuffer.swift */; };
		OBJ_132 /* DeviceTypes.swift in Sources */ = {isa = PBXBuildFile; fileRef = OBJ_38 /* DeviceTypes.swift */; };
		OBJ_134 /* KernelDataTypes.swift in Sources */ = {isa = PBXBuildFile; fileRef = OBJ_40 /* KernelDataTypes.swift */; };
		OBJ_135 /* KernelManager.swift in Sources */ = {isa = PBXBuildFile; fileRef = OBJ_41 /* KernelManager.swift */; };
		OBJ_136 /* KernelSources.swift in Sources */ = {isa = PBXBuildFile; fileRef = OBJ_42 /* KernelSources.swift */; };
		OBJ_137 /* Value.swift in Sources */ = {isa = PBXBuildFile; fileRef = OBJ_43 /* Value.swift */; };
		OBJ_139 /* CUDADriver.framework in Frameworks */ = {isa = PBXBuildFile; fileRef = OBJ_61 /* CUDADriver.framework */; };
		OBJ_140 /* CUDARuntime.framework in Frameworks */ = {isa = PBXBuildFile; fileRef = OBJ_62 /* CUDARuntime.framework */; };
		OBJ_141 /* CuBLAS.framework in Frameworks */ = {isa = PBXBuildFile; fileRef = OBJ_60 /* CuBLAS.framework */; };
		OBJ_150 /* CuBLASTests.swift in Sources */ = {isa = PBXBuildFile; fileRef = OBJ_46 /* CuBLASTests.swift */; };
		OBJ_152 /* CUDADriver.framework in Frameworks */ = {isa = PBXBuildFile; fileRef = OBJ_61 /* CUDADriver.framework */; };
		OBJ_153 /* CUDARuntime.framework in Frameworks */ = {isa = PBXBuildFile; fileRef = OBJ_62 /* CUDARuntime.framework */; };
		OBJ_154 /* CuBLAS.framework in Frameworks */ = {isa = PBXBuildFile; fileRef = OBJ_60 /* CuBLAS.framework */; };
		OBJ_163 /* CUDADriverTests.swift in Sources */ = {isa = PBXBuildFile; fileRef = OBJ_48 /* CUDADriverTests.swift */; };
		OBJ_165 /* CUDADriver.framework in Frameworks */ = {isa = PBXBuildFile; fileRef = OBJ_61 /* CUDADriver.framework */; };
		OBJ_172 /* CUDARuntimeTests.swift in Sources */ = {isa = PBXBuildFile; fileRef = OBJ_50 /* CUDARuntimeTests.swift */; };
		OBJ_174 /* CUDADriver.framework in Frameworks */ = {isa = PBXBuildFile; fileRef = OBJ_61 /* CUDADriver.framework */; };
		OBJ_175 /* CUDARuntime.framework in Frameworks */ = {isa = PBXBuildFile; fileRef = OBJ_62 /* CUDARuntime.framework */; };
		OBJ_183 /* NVRTCTests.swift in Sources */ = {isa = PBXBuildFile; fileRef = OBJ_52 /* NVRTCTests.swift */; };
		OBJ_185 /* CUDADriver.framework in Frameworks */ = {isa = PBXBuildFile; fileRef = OBJ_61 /* CUDADriver.framework */; };
		OBJ_186 /* NVRTC.framework in Frameworks */ = {isa = PBXBuildFile; fileRef = OBJ_63 /* NVRTC.framework */; };
		OBJ_194 /* WarpTests.swift in Sources */ = {isa = PBXBuildFile; fileRef = OBJ_54 /* WarpTests.swift */; };
		OBJ_196 /* CUDADriver.framework in Frameworks */ = {isa = PBXBuildFile; fileRef = OBJ_61 /* CUDADriver.framework */; };
		OBJ_197 /* CUDARuntime.framework in Frameworks */ = {isa = PBXBuildFile; fileRef = OBJ_62 /* CUDARuntime.framework */; };
		OBJ_198 /* CuBLAS.framework in Frameworks */ = {isa = PBXBuildFile; fileRef = OBJ_60 /* CuBLAS.framework */; };
		OBJ_199 /* Warp.framework in Frameworks */ = {isa = PBXBuildFile; fileRef = OBJ_64 /* Warp.framework */; };
		OBJ_75 /* BLAS.swift in Sources */ = {isa = PBXBuildFile; fileRef = OBJ_9 /* BLAS.swift */; };
		OBJ_76 /* Error.swift in Sources */ = {isa = PBXBuildFile; fileRef = OBJ_10 /* Error.swift */; };
		OBJ_77 /* Level1.swift in Sources */ = {isa = PBXBuildFile; fileRef = OBJ_11 /* Level1.swift */; };
		OBJ_78 /* Level2.swift in Sources */ = {isa = PBXBuildFile; fileRef = OBJ_12 /* Level2.swift */; };
		OBJ_80 /* CUDADriver.framework in Frameworks */ = {isa = PBXBuildFile; fileRef = OBJ_61 /* CUDADriver.framework */; };
		OBJ_81 /* CUDARuntime.framework in Frameworks */ = {isa = PBXBuildFile; fileRef = OBJ_62 /* CUDARuntime.framework */; };
		OBJ_90 /* CHandleCarrier.swift in Sources */ = {isa = PBXBuildFile; fileRef = OBJ_14 /* CHandleCarrier.swift */; };
		OBJ_91 /* Context.swift in Sources */ = {isa = PBXBuildFile; fileRef = OBJ_15 /* Context.swift */; };
		OBJ_92 /* Device.swift in Sources */ = {isa = PBXBuildFile; fileRef = OBJ_16 /* Device.swift */; };
		OBJ_93 /* Driver.swift in Sources */ = {isa = PBXBuildFile; fileRef = OBJ_17 /* Driver.swift */; };
		OBJ_94 /* Error.swift in Sources */ = {isa = PBXBuildFile; fileRef = OBJ_18 /* Error.swift */; };
		OBJ_95 /* Function.swift in Sources */ = {isa = PBXBuildFile; fileRef = OBJ_19 /* Function.swift */; };
		OBJ_96 /* Memory.swift in Sources */ = {isa = PBXBuildFile; fileRef = OBJ_20 /* Memory.swift */; };
		OBJ_97 /* Module.swift in Sources */ = {isa = PBXBuildFile; fileRef = OBJ_21 /* Module.swift */; };
		OBJ_98 /* PTX.swift in Sources */ = {isa = PBXBuildFile; fileRef = OBJ_22 /* PTX.swift */; };
		OBJ_99 /* Stream.swift in Sources */ = {isa = PBXBuildFile; fileRef = OBJ_23 /* Stream.swift */; };
/* End PBXBuildFile section */

/* Begin PBXContainerItemProxy section */
		2989D0531DCD4EDE00ED8CE2 /* PBXContainerItemProxy */ = {
			isa = PBXContainerItemProxy;
			containerPortal = OBJ_1 /* Project object */;
			proxyType = 1;
			remoteGlobalIDString = OBJ_83;
			remoteInfo = CUDADriver;
		};
		2989D0541DCD4EDE00ED8CE2 /* PBXContainerItemProxy */ = {
			isa = PBXContainerItemProxy;
			containerPortal = OBJ_1 /* Project object */;
			proxyType = 1;
			remoteGlobalIDString = OBJ_85;
			remoteInfo = CUDARuntime;
		};
		2989D0551DCD4EDE00ED8CE2 /* PBXContainerItemProxy */ = {
			isa = PBXContainerItemProxy;
			containerPortal = OBJ_1 /* Project object */;
			proxyType = 1;
			remoteGlobalIDString = OBJ_83;
			remoteInfo = CUDADriver;
		};
		2989D0561DCD4EDE00ED8CE2 /* PBXContainerItemProxy */ = {
			isa = PBXContainerItemProxy;
			containerPortal = OBJ_1 /* Project object */;
			proxyType = 1;
			remoteGlobalIDString = OBJ_83;
			remoteInfo = CUDADriver;
		};
		2989D0571DCD4EDE00ED8CE2 /* PBXContainerItemProxy */ = {
			isa = PBXContainerItemProxy;
			containerPortal = OBJ_1 /* Project object */;
			proxyType = 1;
			remoteGlobalIDString = OBJ_83;
			remoteInfo = CUDADriver;
		};
		2989D0581DCD4EDE00ED8CE2 /* PBXContainerItemProxy */ = {
			isa = PBXContainerItemProxy;
			containerPortal = OBJ_1 /* Project object */;
			proxyType = 1;
			remoteGlobalIDString = OBJ_85;
			remoteInfo = CUDARuntime;
		};
		2989D0591DCD4EDE00ED8CE2 /* PBXContainerItemProxy */ = {
			isa = PBXContainerItemProxy;
			containerPortal = OBJ_1 /* Project object */;
			proxyType = 1;
			remoteGlobalIDString = OBJ_70;
			remoteInfo = CuBLAS;
		};
		2989D05A1DCD4EDE00ED8CE2 /* PBXContainerItemProxy */ = {
			isa = PBXContainerItemProxy;
			containerPortal = OBJ_1 /* Project object */;
			proxyType = 1;
			remoteGlobalIDString = OBJ_83;
			remoteInfo = CUDADriver;
		};
		2989D05B1DCD4EDE00ED8CE2 /* PBXContainerItemProxy */ = {
			isa = PBXContainerItemProxy;
			containerPortal = OBJ_1 /* Project object */;
			proxyType = 1;
			remoteGlobalIDString = OBJ_85;
			remoteInfo = CUDARuntime;
		};
		2989D05C1DCD4EDE00ED8CE2 /* PBXContainerItemProxy */ = {
			isa = PBXContainerItemProxy;
			containerPortal = OBJ_1 /* Project object */;
			proxyType = 1;
			remoteGlobalIDString = OBJ_70;
			remoteInfo = CuBLAS;
		};
		2989D05D1DCD4EDE00ED8CE2 /* PBXContainerItemProxy */ = {
			isa = PBXContainerItemProxy;
			containerPortal = OBJ_1 /* Project object */;
			proxyType = 1;
			remoteGlobalIDString = OBJ_83;
			remoteInfo = CUDADriver;
		};
		2989D05E1DCD4EDE00ED8CE2 /* PBXContainerItemProxy */ = {
			isa = PBXContainerItemProxy;
			containerPortal = OBJ_1 /* Project object */;
			proxyType = 1;
			remoteGlobalIDString = OBJ_83;
			remoteInfo = CUDADriver;
		};
		2989D05F1DCD4EDE00ED8CE2 /* PBXContainerItemProxy */ = {
			isa = PBXContainerItemProxy;
			containerPortal = OBJ_1 /* Project object */;
			proxyType = 1;
			remoteGlobalIDString = OBJ_85;
			remoteInfo = CUDARuntime;
		};
		2989D0601DCD4EDE00ED8CE2 /* PBXContainerItemProxy */ = {
			isa = PBXContainerItemProxy;
			containerPortal = OBJ_1 /* Project object */;
			proxyType = 1;
			remoteGlobalIDString = OBJ_83;
			remoteInfo = CUDADriver;
		};
		2989D0611DCD4EDE00ED8CE2 /* PBXContainerItemProxy */ = {
			isa = PBXContainerItemProxy;
			containerPortal = OBJ_1 /* Project object */;
			proxyType = 1;
			remoteGlobalIDString = OBJ_114;
			remoteInfo = NVRTC;
		};
		2989D0621DCD4EDE00ED8CE2 /* PBXContainerItemProxy */ = {
			isa = PBXContainerItemProxy;
			containerPortal = OBJ_1 /* Project object */;
			proxyType = 1;
			remoteGlobalIDString = OBJ_83;
			remoteInfo = CUDADriver;
		};
		2989D0631DCD4EDE00ED8CE2 /* PBXContainerItemProxy */ = {
			isa = PBXContainerItemProxy;
			containerPortal = OBJ_1 /* Project object */;
			proxyType = 1;
			remoteGlobalIDString = OBJ_85;
			remoteInfo = CUDARuntime;
		};
		2989D0641DCD4EDE00ED8CE2 /* PBXContainerItemProxy */ = {
			isa = PBXContainerItemProxy;
			containerPortal = OBJ_1 /* Project object */;
			proxyType = 1;
			remoteGlobalIDString = OBJ_70;
			remoteInfo = CuBLAS;
		};
		2989D0651DCD4EDE00ED8CE2 /* PBXContainerItemProxy */ = {
			isa = PBXContainerItemProxy;
			containerPortal = OBJ_1 /* Project object */;
			proxyType = 1;
			remoteGlobalIDString = OBJ_125;
			remoteInfo = Warp;
		};
/* End PBXContainerItemProxy section */

/* Begin PBXFileReference section */
		2989D0661DCD737400ED8CE2 /* ValueBuffer.swift */ = {isa = PBXFileReference; fileEncoding = 4; lastKnownFileType = sourcecode.swift; path = ValueBuffer.swift; sourceTree = "<group>"; };
		2989D0691DCE720600ED8CE2 /* DeviceOperations.swift */ = {isa = PBXFileReference; fileEncoding = 4; lastKnownFileType = sourcecode.swift; path = DeviceOperations.swift; sourceTree = "<group>"; };
		2989D06B1DCE763200ED8CE2 /* Types.swift */ = {isa = PBXFileReference; fileEncoding = 4; lastKnownFileType = sourcecode.swift; path = Types.swift; sourceTree = "<group>"; };
		29B5897B1DD65FA10069D423 /* Level3.swift */ = {isa = PBXFileReference; fileEncoding = 4; lastKnownFileType = sourcecode.swift; path = Level3.swift; sourceTree = "<group>"; };
		OBJ_10 /* Error.swift */ = {isa = PBXFileReference; lastKnownFileType = sourcecode.swift; path = Error.swift; sourceTree = "<group>"; };
		OBJ_11 /* Level1.swift */ = {isa = PBXFileReference; lastKnownFileType = sourcecode.swift; path = Level1.swift; sourceTree = "<group>"; };
		OBJ_12 /* Level2.swift */ = {isa = PBXFileReference; lastKnownFileType = sourcecode.swift; path = Level2.swift; sourceTree = "<group>"; };
		OBJ_14 /* CHandleCarrier.swift */ = {isa = PBXFileReference; lastKnownFileType = sourcecode.swift; path = CHandleCarrier.swift; sourceTree = "<group>"; };
		OBJ_15 /* Context.swift */ = {isa = PBXFileReference; lastKnownFileType = sourcecode.swift; path = Context.swift; sourceTree = "<group>"; };
		OBJ_16 /* Device.swift */ = {isa = PBXFileReference; lastKnownFileType = sourcecode.swift; path = Device.swift; sourceTree = "<group>"; };
		OBJ_17 /* Driver.swift */ = {isa = PBXFileReference; lastKnownFileType = sourcecode.swift; path = Driver.swift; sourceTree = "<group>"; };
		OBJ_18 /* Error.swift */ = {isa = PBXFileReference; lastKnownFileType = sourcecode.swift; path = Error.swift; sourceTree = "<group>"; };
		OBJ_19 /* Function.swift */ = {isa = PBXFileReference; lastKnownFileType = sourcecode.swift; path = Function.swift; sourceTree = "<group>"; };
		OBJ_20 /* Memory.swift */ = {isa = PBXFileReference; lastKnownFileType = sourcecode.swift; path = Memory.swift; sourceTree = "<group>"; };
		OBJ_21 /* Module.swift */ = {isa = PBXFileReference; lastKnownFileType = sourcecode.swift; path = Module.swift; sourceTree = "<group>"; };
		OBJ_22 /* PTX.swift */ = {isa = PBXFileReference; lastKnownFileType = sourcecode.swift; path = PTX.swift; sourceTree = "<group>"; };
		OBJ_23 /* Stream.swift */ = {isa = PBXFileReference; lastKnownFileType = sourcecode.swift; path = Stream.swift; sourceTree = "<group>"; };
		OBJ_25 /* Device.swift */ = {isa = PBXFileReference; lastKnownFileType = sourcecode.swift; path = Device.swift; sourceTree = "<group>"; };
		OBJ_26 /* Error.swift */ = {isa = PBXFileReference; lastKnownFileType = sourcecode.swift; path = Error.swift; sourceTree = "<group>"; };
		OBJ_27 /* Function.swift */ = {isa = PBXFileReference; lastKnownFileType = sourcecode.swift; path = Function.swift; sourceTree = "<group>"; };
		OBJ_28 /* Memory.swift */ = {isa = PBXFileReference; lastKnownFileType = sourcecode.swift; path = Memory.swift; sourceTree = "<group>"; };
		OBJ_30 /* Stream.swift */ = {isa = PBXFileReference; lastKnownFileType = sourcecode.swift; path = Stream.swift; sourceTree = "<group>"; };
		OBJ_32 /* Compiler.swift */ = {isa = PBXFileReference; lastKnownFileType = sourcecode.swift; path = Compiler.swift; sourceTree = "<group>"; };
		OBJ_33 /* Error.swift */ = {isa = PBXFileReference; lastKnownFileType = sourcecode.swift; path = Error.swift; sourceTree = "<group>"; };
		OBJ_34 /* Option.swift */ = {isa = PBXFileReference; lastKnownFileType = sourcecode.swift; path = Option.swift; sourceTree = "<group>"; };
		OBJ_36 /* Array.swift */ = {isa = PBXFileReference; lastKnownFileType = sourcecode.swift; path = Array.swift; sourceTree = "<group>"; };
		OBJ_37 /* ArrayBuffer.swift */ = {isa = PBXFileReference; lastKnownFileType = sourcecode.swift; path = ArrayBuffer.swift; sourceTree = "<group>"; };
		OBJ_38 /* DeviceTypes.swift */ = {isa = PBXFileReference; lastKnownFileType = sourcecode.swift; path = DeviceTypes.swift; sourceTree = "<group>"; };
		OBJ_40 /* KernelDataTypes.swift */ = {isa = PBXFileReference; lastKnownFileType = sourcecode.swift; path = KernelDataTypes.swift; sourceTree = "<group>"; };
		OBJ_41 /* KernelManager.swift */ = {isa = PBXFileReference; lastKnownFileType = sourcecode.swift; path = KernelManager.swift; sourceTree = "<group>"; };
		OBJ_42 /* KernelSources.swift */ = {isa = PBXFileReference; lastKnownFileType = sourcecode.swift; path = KernelSources.swift; sourceTree = "<group>"; };
		OBJ_43 /* Value.swift */ = {isa = PBXFileReference; lastKnownFileType = sourcecode.swift; path = Value.swift; sourceTree = "<group>"; };
		OBJ_46 /* CuBLASTests.swift */ = {isa = PBXFileReference; lastKnownFileType = sourcecode.swift; path = CuBLASTests.swift; sourceTree = "<group>"; };
		OBJ_48 /* CUDADriverTests.swift */ = {isa = PBXFileReference; lastKnownFileType = sourcecode.swift; path = CUDADriverTests.swift; sourceTree = "<group>"; };
		OBJ_50 /* CUDARuntimeTests.swift */ = {isa = PBXFileReference; lastKnownFileType = sourcecode.swift; path = CUDARuntimeTests.swift; sourceTree = "<group>"; };
		OBJ_52 /* NVRTCTests.swift */ = {isa = PBXFileReference; lastKnownFileType = sourcecode.swift; path = NVRTCTests.swift; sourceTree = "<group>"; };
		OBJ_54 /* WarpTests.swift */ = {isa = PBXFileReference; lastKnownFileType = sourcecode.swift; path = WarpTests.swift; sourceTree = "<group>"; };
		OBJ_55 /* Build */ = {isa = PBXFileReference; lastKnownFileType = folder; path = Build; sourceTree = SOURCE_ROOT; };
		OBJ_56 /* Frameworks */ = {isa = PBXFileReference; lastKnownFileType = folder; path = Frameworks; sourceTree = SOURCE_ROOT; };
		OBJ_57 /* Resources */ = {isa = PBXFileReference; lastKnownFileType = folder; path = Resources; sourceTree = SOURCE_ROOT; };
		OBJ_58 /* Scripts */ = {isa = PBXFileReference; lastKnownFileType = folder; path = Scripts; sourceTree = SOURCE_ROOT; };
		OBJ_6 /* Package.swift */ = {isa = PBXFileReference; explicitFileType = sourcecode.swift; path = Package.swift; sourceTree = "<group>"; };
		OBJ_60 /* CuBLAS.framework */ = {isa = PBXFileReference; explicitFileType = wrapper.framework; path = CuBLAS.framework; sourceTree = BUILT_PRODUCTS_DIR; };
		OBJ_61 /* CUDADriver.framework */ = {isa = PBXFileReference; explicitFileType = wrapper.framework; path = CUDADriver.framework; sourceTree = BUILT_PRODUCTS_DIR; };
		OBJ_62 /* CUDARuntime.framework */ = {isa = PBXFileReference; explicitFileType = wrapper.framework; path = CUDARuntime.framework; sourceTree = BUILT_PRODUCTS_DIR; };
		OBJ_63 /* NVRTC.framework */ = {isa = PBXFileReference; explicitFileType = wrapper.framework; path = NVRTC.framework; sourceTree = BUILT_PRODUCTS_DIR; };
		OBJ_64 /* Warp.framework */ = {isa = PBXFileReference; explicitFileType = wrapper.framework; path = Warp.framework; sourceTree = BUILT_PRODUCTS_DIR; };
		OBJ_65 /* CuBLASTests.xctest */ = {isa = PBXFileReference; explicitFileType = wrapper.cfbundle; path = CuBLASTests.xctest; sourceTree = BUILT_PRODUCTS_DIR; };
		OBJ_66 /* CUDADriverTests.xctest */ = {isa = PBXFileReference; explicitFileType = wrapper.cfbundle; path = CUDADriverTests.xctest; sourceTree = BUILT_PRODUCTS_DIR; };
		OBJ_67 /* CUDARuntimeTests.xctest */ = {isa = PBXFileReference; explicitFileType = wrapper.cfbundle; path = CUDARuntimeTests.xctest; sourceTree = BUILT_PRODUCTS_DIR; };
		OBJ_68 /* NVRTCTests.xctest */ = {isa = PBXFileReference; explicitFileType = wrapper.cfbundle; path = NVRTCTests.xctest; sourceTree = BUILT_PRODUCTS_DIR; };
		OBJ_69 /* WarpTests.xctest */ = {isa = PBXFileReference; explicitFileType = wrapper.cfbundle; path = WarpTests.xctest; sourceTree = BUILT_PRODUCTS_DIR; };
		OBJ_9 /* BLAS.swift */ = {isa = PBXFileReference; lastKnownFileType = sourcecode.swift; path = BLAS.swift; sourceTree = "<group>"; };
/* End PBXFileReference section */

/* Begin PBXFrameworksBuildPhase section */
		OBJ_100 /* Frameworks */ = {
			isa = PBXFrameworksBuildPhase;
			buildActionMask = 0;
			files = (
			);
			runOnlyForDeploymentPostprocessing = 0;
		};
		OBJ_111 /* Frameworks */ = {
			isa = PBXFrameworksBuildPhase;
			buildActionMask = 0;
			files = (
				OBJ_112 /* CUDADriver.framework in Frameworks */,
			);
			runOnlyForDeploymentPostprocessing = 0;
		};
		OBJ_122 /* Frameworks */ = {
			isa = PBXFrameworksBuildPhase;
			buildActionMask = 0;
			files = (
				OBJ_123 /* CUDADriver.framework in Frameworks */,
			);
			runOnlyForDeploymentPostprocessing = 0;
		};
		OBJ_138 /* Frameworks */ = {
			isa = PBXFrameworksBuildPhase;
			buildActionMask = 0;
			files = (
				OBJ_139 /* CUDADriver.framework in Frameworks */,
				OBJ_140 /* CUDARuntime.framework in Frameworks */,
				OBJ_141 /* CuBLAS.framework in Frameworks */,
			);
			runOnlyForDeploymentPostprocessing = 0;
		};
		OBJ_151 /* Frameworks */ = {
			isa = PBXFrameworksBuildPhase;
			buildActionMask = 0;
			files = (
				OBJ_152 /* CUDADriver.framework in Frameworks */,
				OBJ_153 /* CUDARuntime.framework in Frameworks */,
				OBJ_154 /* CuBLAS.framework in Frameworks */,
			);
			runOnlyForDeploymentPostprocessing = 0;
		};
		OBJ_164 /* Frameworks */ = {
			isa = PBXFrameworksBuildPhase;
			buildActionMask = 0;
			files = (
				OBJ_165 /* CUDADriver.framework in Frameworks */,
			);
			runOnlyForDeploymentPostprocessing = 0;
		};
		OBJ_173 /* Frameworks */ = {
			isa = PBXFrameworksBuildPhase;
			buildActionMask = 0;
			files = (
				OBJ_174 /* CUDADriver.framework in Frameworks */,
				OBJ_175 /* CUDARuntime.framework in Frameworks */,
			);
			runOnlyForDeploymentPostprocessing = 0;
		};
		OBJ_184 /* Frameworks */ = {
			isa = PBXFrameworksBuildPhase;
			buildActionMask = 0;
			files = (
				OBJ_185 /* CUDADriver.framework in Frameworks */,
				OBJ_186 /* NVRTC.framework in Frameworks */,
			);
			runOnlyForDeploymentPostprocessing = 0;
		};
		OBJ_195 /* Frameworks */ = {
			isa = PBXFrameworksBuildPhase;
			buildActionMask = 0;
			files = (
				OBJ_196 /* CUDADriver.framework in Frameworks */,
				OBJ_197 /* CUDARuntime.framework in Frameworks */,
				OBJ_198 /* CuBLAS.framework in Frameworks */,
				OBJ_199 /* Warp.framework in Frameworks */,
			);
			runOnlyForDeploymentPostprocessing = 0;
		};
		OBJ_79 /* Frameworks */ = {
			isa = PBXFrameworksBuildPhase;
			buildActionMask = 0;
			files = (
				OBJ_80 /* CUDADriver.framework in Frameworks */,
				OBJ_81 /* CUDARuntime.framework in Frameworks */,
			);
			runOnlyForDeploymentPostprocessing = 0;
		};
/* End PBXFrameworksBuildPhase section */

/* Begin PBXGroup section */
		2989D0681DCD740900ED8CE2 /* DeviceTypes */ = {
			isa = PBXGroup;
			children = (
				OBJ_38 /* DeviceTypes.swift */,
				OBJ_36 /* Array.swift */,
				OBJ_43 /* Value.swift */,
				2989D0661DCD737400ED8CE2 /* ValueBuffer.swift */,
				OBJ_37 /* ArrayBuffer.swift */,
			);
			name = DeviceTypes;
			sourceTree = "<group>";
		};
		OBJ_13 /* CUDADriver */ = {
			isa = PBXGroup;
			children = (
				OBJ_14 /* CHandleCarrier.swift */,
				OBJ_15 /* Context.swift */,
				OBJ_16 /* Device.swift */,
				OBJ_17 /* Driver.swift */,
				OBJ_18 /* Error.swift */,
				OBJ_19 /* Function.swift */,
				OBJ_20 /* Memory.swift */,
				OBJ_21 /* Module.swift */,
				OBJ_22 /* PTX.swift */,
				OBJ_23 /* Stream.swift */,
			);
			name = CUDADriver;
			path = Sources/CUDADriver;
			sourceTree = SOURCE_ROOT;
		};
		OBJ_24 /* CUDARuntime */ = {
			isa = PBXGroup;
			children = (
				OBJ_25 /* Device.swift */,
				OBJ_26 /* Error.swift */,
				OBJ_27 /* Function.swift */,
				OBJ_28 /* Memory.swift */,
				OBJ_30 /* Stream.swift */,
			);
			name = CUDARuntime;
			path = Sources/CUDARuntime;
			sourceTree = SOURCE_ROOT;
		};
		OBJ_31 /* NVRTC */ = {
			isa = PBXGroup;
			children = (
				OBJ_32 /* Compiler.swift */,
				OBJ_33 /* Error.swift */,
				OBJ_34 /* Option.swift */,
			);
			name = NVRTC;
			path = Sources/NVRTC;
			sourceTree = SOURCE_ROOT;
		};
		OBJ_35 /* Warp */ = {
			isa = PBXGroup;
			children = (
				2989D0681DCD740900ED8CE2 /* DeviceTypes */,
				2989D0691DCE720600ED8CE2 /* DeviceOperations.swift */,
				OBJ_40 /* KernelDataTypes.swift */,
				OBJ_41 /* KernelManager.swift */,
				OBJ_42 /* KernelSources.swift */,
			);
			name = Warp;
			path = Sources/Warp;
			sourceTree = SOURCE_ROOT;
		};
		OBJ_44 /* Tests */ = {
			isa = PBXGroup;
			children = (
				OBJ_45 /* CuBLASTests */,
				OBJ_47 /* CUDADriverTests */,
				OBJ_49 /* CUDARuntimeTests */,
				OBJ_51 /* NVRTCTests */,
				OBJ_53 /* WarpTests */,
			);
			path = Tests;
			sourceTree = "<group>";
		};
		OBJ_45 /* CuBLASTests */ = {
			isa = PBXGroup;
			children = (
				OBJ_46 /* CuBLASTests.swift */,
			);
			name = CuBLASTests;
			path = Tests/CuBLASTests;
			sourceTree = SOURCE_ROOT;
		};
		OBJ_47 /* CUDADriverTests */ = {
			isa = PBXGroup;
			children = (
				OBJ_48 /* CUDADriverTests.swift */,
			);
			name = CUDADriverTests;
			path = Tests/CUDADriverTests;
			sourceTree = SOURCE_ROOT;
		};
		OBJ_49 /* CUDARuntimeTests */ = {
			isa = PBXGroup;
			children = (
				OBJ_50 /* CUDARuntimeTests.swift */,
			);
			name = CUDARuntimeTests;
			path = Tests/CUDARuntimeTests;
			sourceTree = SOURCE_ROOT;
		};
		OBJ_5 = {
			isa = PBXGroup;
			children = (
				OBJ_6 /* Package.swift */,
				OBJ_7 /* Sources */,
				OBJ_44 /* Tests */,
				OBJ_55 /* Build */,
				OBJ_56 /* Frameworks */,
				OBJ_57 /* Resources */,
				OBJ_58 /* Scripts */,
				OBJ_59 /* Products */,
			);
			sourceTree = "<group>";
		};
		OBJ_51 /* NVRTCTests */ = {
			isa = PBXGroup;
			children = (
				OBJ_52 /* NVRTCTests.swift */,
			);
			name = NVRTCTests;
			path = Tests/NVRTCTests;
			sourceTree = SOURCE_ROOT;
		};
		OBJ_53 /* WarpTests */ = {
			isa = PBXGroup;
			children = (
				OBJ_54 /* WarpTests.swift */,
			);
			name = WarpTests;
			path = Tests/WarpTests;
			sourceTree = SOURCE_ROOT;
		};
		OBJ_59 /* Products */ = {
			isa = PBXGroup;
			children = (
				OBJ_60 /* CuBLAS.framework */,
				OBJ_61 /* CUDADriver.framework */,
				OBJ_62 /* CUDARuntime.framework */,
				OBJ_63 /* NVRTC.framework */,
				OBJ_64 /* Warp.framework */,
				OBJ_65 /* CuBLASTests.xctest */,
				OBJ_66 /* CUDADriverTests.xctest */,
				OBJ_67 /* CUDARuntimeTests.xctest */,
				OBJ_68 /* NVRTCTests.xctest */,
				OBJ_69 /* WarpTests.xctest */,
			);
			name = Products;
			sourceTree = BUILT_PRODUCTS_DIR;
		};
		OBJ_7 /* Sources */ = {
			isa = PBXGroup;
			children = (
				OBJ_8 /* CuBLAS */,
				OBJ_13 /* CUDADriver */,
				OBJ_24 /* CUDARuntime */,
				OBJ_31 /* NVRTC */,
				OBJ_35 /* Warp */,
			);
			path = Sources;
			sourceTree = "<group>";
		};
		OBJ_8 /* CuBLAS */ = {
			isa = PBXGroup;
			children = (
				OBJ_9 /* BLAS.swift */,
				2989D06B1DCE763200ED8CE2 /* Types.swift */,
				OBJ_10 /* Error.swift */,
				OBJ_11 /* Level1.swift */,
				OBJ_12 /* Level2.swift */,
				29B5897B1DD65FA10069D423 /* Level3.swift */,
			);
			name = CuBLAS;
			path = Sources/CuBLAS;
			sourceTree = SOURCE_ROOT;
		};
/* End PBXGroup section */

/* Begin PBXNativeTarget section */
		OBJ_114 /* NVRTC */ = {
			isa = PBXNativeTarget;
			buildConfigurationList = OBJ_115 /* Build configuration list for PBXNativeTarget "NVRTC" */;
			buildPhases = (
				OBJ_118 /* Sources */,
				OBJ_122 /* Frameworks */,
			);
			buildRules = (
			);
			dependencies = (
				OBJ_124 /* PBXTargetDependency */,
			);
			name = NVRTC;
			productName = NVRTC;
			productReference = OBJ_63 /* NVRTC.framework */;
			productType = "com.apple.product-type.framework";
		};
		OBJ_125 /* Warp */ = {
			isa = PBXNativeTarget;
			buildConfigurationList = OBJ_126 /* Build configuration list for PBXNativeTarget "Warp" */;
			buildPhases = (
				OBJ_129 /* Sources */,
				OBJ_138 /* Frameworks */,
			);
			buildRules = (
			);
			dependencies = (
				OBJ_142 /* PBXTargetDependency */,
				OBJ_143 /* PBXTargetDependency */,
				OBJ_144 /* PBXTargetDependency */,
			);
			name = Warp;
			productName = Warp;
			productReference = OBJ_64 /* Warp.framework */;
			productType = "com.apple.product-type.framework";
		};
		OBJ_145 /* CuBLASTests */ = {
			isa = PBXNativeTarget;
			buildConfigurationList = OBJ_146 /* Build configuration list for PBXNativeTarget "CuBLASTests" */;
			buildPhases = (
				OBJ_149 /* Sources */,
				OBJ_151 /* Frameworks */,
			);
			buildRules = (
			);
			dependencies = (
				OBJ_155 /* PBXTargetDependency */,
				OBJ_156 /* PBXTargetDependency */,
				OBJ_157 /* PBXTargetDependency */,
			);
			name = CuBLASTests;
			productName = CuBLASTests;
			productReference = OBJ_65 /* CuBLASTests.xctest */;
			productType = "com.apple.product-type.bundle.unit-test";
		};
		OBJ_158 /* CUDADriverTests */ = {
			isa = PBXNativeTarget;
			buildConfigurationList = OBJ_159 /* Build configuration list for PBXNativeTarget "CUDADriverTests" */;
			buildPhases = (
				OBJ_162 /* Sources */,
				OBJ_164 /* Frameworks */,
			);
			buildRules = (
			);
			dependencies = (
				OBJ_166 /* PBXTargetDependency */,
			);
			name = CUDADriverTests;
			productName = CUDADriverTests;
			productReference = OBJ_66 /* CUDADriverTests.xctest */;
			productType = "com.apple.product-type.bundle.unit-test";
		};
		OBJ_167 /* CUDARuntimeTests */ = {
			isa = PBXNativeTarget;
			buildConfigurationList = OBJ_168 /* Build configuration list for PBXNativeTarget "CUDARuntimeTests" */;
			buildPhases = (
				OBJ_171 /* Sources */,
				OBJ_173 /* Frameworks */,
			);
			buildRules = (
			);
			dependencies = (
				OBJ_176 /* PBXTargetDependency */,
				OBJ_177 /* PBXTargetDependency */,
			);
			name = CUDARuntimeTests;
			productName = CUDARuntimeTests;
			productReference = OBJ_67 /* CUDARuntimeTests.xctest */;
			productType = "com.apple.product-type.bundle.unit-test";
		};
		OBJ_178 /* NVRTCTests */ = {
			isa = PBXNativeTarget;
			buildConfigurationList = OBJ_179 /* Build configuration list for PBXNativeTarget "NVRTCTests" */;
			buildPhases = (
				OBJ_182 /* Sources */,
				OBJ_184 /* Frameworks */,
			);
			buildRules = (
			);
			dependencies = (
				OBJ_187 /* PBXTargetDependency */,
				OBJ_188 /* PBXTargetDependency */,
			);
			name = NVRTCTests;
			productName = NVRTCTests;
			productReference = OBJ_68 /* NVRTCTests.xctest */;
			productType = "com.apple.product-type.bundle.unit-test";
		};
		OBJ_189 /* WarpTests */ = {
			isa = PBXNativeTarget;
			buildConfigurationList = OBJ_190 /* Build configuration list for PBXNativeTarget "WarpTests" */;
			buildPhases = (
				OBJ_193 /* Sources */,
				OBJ_195 /* Frameworks */,
			);
			buildRules = (
			);
			dependencies = (
				OBJ_200 /* PBXTargetDependency */,
				OBJ_201 /* PBXTargetDependency */,
				OBJ_202 /* PBXTargetDependency */,
				OBJ_203 /* PBXTargetDependency */,
			);
			name = WarpTests;
			productName = WarpTests;
			productReference = OBJ_69 /* WarpTests.xctest */;
			productType = "com.apple.product-type.bundle.unit-test";
		};
		OBJ_70 /* CuBLAS */ = {
			isa = PBXNativeTarget;
			buildConfigurationList = OBJ_71 /* Build configuration list for PBXNativeTarget "CuBLAS" */;
			buildPhases = (
				OBJ_74 /* Sources */,
				OBJ_79 /* Frameworks */,
			);
			buildRules = (
			);
			dependencies = (
				OBJ_82 /* PBXTargetDependency */,
				OBJ_84 /* PBXTargetDependency */,
			);
			name = CuBLAS;
			productName = CuBLAS;
			productReference = OBJ_60 /* CuBLAS.framework */;
			productType = "com.apple.product-type.framework";
		};
		OBJ_83 /* CUDADriver */ = {
			isa = PBXNativeTarget;
			buildConfigurationList = OBJ_86 /* Build configuration list for PBXNativeTarget "CUDADriver" */;
			buildPhases = (
				OBJ_89 /* Sources */,
				OBJ_100 /* Frameworks */,
			);
			buildRules = (
			);
			dependencies = (
			);
			name = CUDADriver;
			productName = CUDADriver;
			productReference = OBJ_61 /* CUDADriver.framework */;
			productType = "com.apple.product-type.framework";
		};
		OBJ_85 /* CUDARuntime */ = {
			isa = PBXNativeTarget;
			buildConfigurationList = OBJ_101 /* Build configuration list for PBXNativeTarget "CUDARuntime" */;
			buildPhases = (
				OBJ_104 /* Sources */,
				OBJ_111 /* Frameworks */,
			);
			buildRules = (
			);
			dependencies = (
				OBJ_113 /* PBXTargetDependency */,
			);
			name = CUDARuntime;
			productName = CUDARuntime;
			productReference = OBJ_62 /* CUDARuntime.framework */;
			productType = "com.apple.product-type.framework";
		};
/* End PBXNativeTarget section */

/* Begin PBXProject section */
		OBJ_1 /* Project object */ = {
			isa = PBXProject;
			attributes = {
				LastUpgradeCheck = 9999;
			};
			buildConfigurationList = OBJ_2 /* Build configuration list for PBXProject "CUDA" */;
			compatibilityVersion = "Xcode 3.2";
			developmentRegion = English;
			hasScannedForEncodings = 0;
			knownRegions = (
				en,
			);
			mainGroup = OBJ_5;
			productRefGroup = OBJ_59 /* Products */;
			projectDirPath = "";
			projectRoot = "";
			targets = (
				OBJ_70 /* CuBLAS */,
				OBJ_83 /* CUDADriver */,
				OBJ_85 /* CUDARuntime */,
				OBJ_114 /* NVRTC */,
				OBJ_125 /* Warp */,
				OBJ_145 /* CuBLASTests */,
				OBJ_158 /* CUDADriverTests */,
				OBJ_167 /* CUDARuntimeTests */,
				OBJ_178 /* NVRTCTests */,
				OBJ_189 /* WarpTests */,
			);
		};
/* End PBXProject section */

/* Begin PBXSourcesBuildPhase section */
		OBJ_104 /* Sources */ = {
			isa = PBXSourcesBuildPhase;
			buildActionMask = 0;
			files = (
				OBJ_105 /* Device.swift in Sources */,
				OBJ_106 /* Error.swift in Sources */,
				OBJ_107 /* Function.swift in Sources */,
				OBJ_108 /* Memory.swift in Sources */,
				OBJ_110 /* Stream.swift in Sources */,
			);
			runOnlyForDeploymentPostprocessing = 0;
		};
		OBJ_118 /* Sources */ = {
			isa = PBXSourcesBuildPhase;
			buildActionMask = 0;
			files = (
				OBJ_119 /* Compiler.swift in Sources */,
				OBJ_120 /* Error.swift in Sources */,
				OBJ_121 /* Option.swift in Sources */,
			);
			runOnlyForDeploymentPostprocessing = 0;
		};
		OBJ_129 /* Sources */ = {
			isa = PBXSourcesBuildPhase;
			buildActionMask = 0;
			files = (
				OBJ_130 /* Array.swift in Sources */,
				OBJ_131 /* ArrayBuffer.swift in Sources */,
				OBJ_132 /* DeviceTypes.swift in Sources */,
				2989D0671DCD737400ED8CE2 /* ValueBuffer.swift in Sources */,
				OBJ_134 /* KernelDataTypes.swift in Sources */,
				OBJ_135 /* KernelManager.swift in Sources */,
				2989D06A1DCE720600ED8CE2 /* DeviceOperations.swift in Sources */,
				OBJ_136 /* KernelSources.swift in Sources */,
				OBJ_137 /* Value.swift in Sources */,
			);
			runOnlyForDeploymentPostprocessing = 0;
		};
		OBJ_149 /* Sources */ = {
			isa = PBXSourcesBuildPhase;
			buildActionMask = 0;
			files = (
				OBJ_150 /* CuBLASTests.swift in Sources */,
			);
			runOnlyForDeploymentPostprocessing = 0;
		};
		OBJ_162 /* Sources */ = {
			isa = PBXSourcesBuildPhase;
			buildActionMask = 0;
			files = (
				OBJ_163 /* CUDADriverTests.swift in Sources */,
			);
			runOnlyForDeploymentPostprocessing = 0;
		};
		OBJ_171 /* Sources */ = {
			isa = PBXSourcesBuildPhase;
			buildActionMask = 0;
			files = (
				OBJ_172 /* CUDARuntimeTests.swift in Sources */,
			);
			runOnlyForDeploymentPostprocessing = 0;
		};
		OBJ_182 /* Sources */ = {
			isa = PBXSourcesBuildPhase;
			buildActionMask = 0;
			files = (
				OBJ_183 /* NVRTCTests.swift in Sources */,
			);
			runOnlyForDeploymentPostprocessing = 0;
		};
		OBJ_193 /* Sources */ = {
			isa = PBXSourcesBuildPhase;
			buildActionMask = 0;
			files = (
				OBJ_194 /* WarpTests.swift in Sources */,
			);
			runOnlyForDeploymentPostprocessing = 0;
		};
		OBJ_74 /* Sources */ = {
			isa = PBXSourcesBuildPhase;
			buildActionMask = 0;
			files = (
				29B5897C1DD65FA10069D423 /* Level3.swift in Sources */,
				OBJ_75 /* BLAS.swift in Sources */,
				OBJ_76 /* Error.swift in Sources */,
				OBJ_77 /* Level1.swift in Sources */,
				2989D06C1DCE763200ED8CE2 /* Types.swift in Sources */,
				OBJ_78 /* Level2.swift in Sources */,
			);
			runOnlyForDeploymentPostprocessing = 0;
		};
		OBJ_89 /* Sources */ = {
			isa = PBXSourcesBuildPhase;
			buildActionMask = 0;
			files = (
				OBJ_90 /* CHandleCarrier.swift in Sources */,
				OBJ_91 /* Context.swift in Sources */,
				OBJ_92 /* Device.swift in Sources */,
				OBJ_93 /* Driver.swift in Sources */,
				OBJ_94 /* Error.swift in Sources */,
				OBJ_95 /* Function.swift in Sources */,
				OBJ_96 /* Memory.swift in Sources */,
				OBJ_97 /* Module.swift in Sources */,
				OBJ_98 /* PTX.swift in Sources */,
				OBJ_99 /* Stream.swift in Sources */,
			);
			runOnlyForDeploymentPostprocessing = 0;
		};
/* End PBXSourcesBuildPhase section */

/* Begin PBXTargetDependency section */
		OBJ_113 /* PBXTargetDependency */ = {
			isa = PBXTargetDependency;
			target = OBJ_83 /* CUDADriver */;
			targetProxy = 2989D0551DCD4EDE00ED8CE2 /* PBXContainerItemProxy */;
		};
		OBJ_124 /* PBXTargetDependency */ = {
			isa = PBXTargetDependency;
			target = OBJ_83 /* CUDADriver */;
			targetProxy = 2989D0561DCD4EDE00ED8CE2 /* PBXContainerItemProxy */;
		};
		OBJ_142 /* PBXTargetDependency */ = {
			isa = PBXTargetDependency;
			target = OBJ_83 /* CUDADriver */;
			targetProxy = 2989D0571DCD4EDE00ED8CE2 /* PBXContainerItemProxy */;
		};
		OBJ_143 /* PBXTargetDependency */ = {
			isa = PBXTargetDependency;
			target = OBJ_85 /* CUDARuntime */;
			targetProxy = 2989D0581DCD4EDE00ED8CE2 /* PBXContainerItemProxy */;
		};
		OBJ_144 /* PBXTargetDependency */ = {
			isa = PBXTargetDependency;
			target = OBJ_70 /* CuBLAS */;
			targetProxy = 2989D0591DCD4EDE00ED8CE2 /* PBXContainerItemProxy */;
		};
		OBJ_155 /* PBXTargetDependency */ = {
			isa = PBXTargetDependency;
			target = OBJ_83 /* CUDADriver */;
			targetProxy = 2989D05A1DCD4EDE00ED8CE2 /* PBXContainerItemProxy */;
		};
		OBJ_156 /* PBXTargetDependency */ = {
			isa = PBXTargetDependency;
			target = OBJ_85 /* CUDARuntime */;
			targetProxy = 2989D05B1DCD4EDE00ED8CE2 /* PBXContainerItemProxy */;
		};
		OBJ_157 /* PBXTargetDependency */ = {
			isa = PBXTargetDependency;
			target = OBJ_70 /* CuBLAS */;
			targetProxy = 2989D05C1DCD4EDE00ED8CE2 /* PBXContainerItemProxy */;
		};
		OBJ_166 /* PBXTargetDependency */ = {
			isa = PBXTargetDependency;
			target = OBJ_83 /* CUDADriver */;
			targetProxy = 2989D05D1DCD4EDE00ED8CE2 /* PBXContainerItemProxy */;
		};
		OBJ_176 /* PBXTargetDependency */ = {
			isa = PBXTargetDependency;
			target = OBJ_83 /* CUDADriver */;
			targetProxy = 2989D05E1DCD4EDE00ED8CE2 /* PBXContainerItemProxy */;
		};
		OBJ_177 /* PBXTargetDependency */ = {
			isa = PBXTargetDependency;
			target = OBJ_85 /* CUDARuntime */;
			targetProxy = 2989D05F1DCD4EDE00ED8CE2 /* PBXContainerItemProxy */;
		};
		OBJ_187 /* PBXTargetDependency */ = {
			isa = PBXTargetDependency;
			target = OBJ_83 /* CUDADriver */;
			targetProxy = 2989D0601DCD4EDE00ED8CE2 /* PBXContainerItemProxy */;
		};
		OBJ_188 /* PBXTargetDependency */ = {
			isa = PBXTargetDependency;
			target = OBJ_114 /* NVRTC */;
			targetProxy = 2989D0611DCD4EDE00ED8CE2 /* PBXContainerItemProxy */;
		};
		OBJ_200 /* PBXTargetDependency */ = {
			isa = PBXTargetDependency;
			target = OBJ_83 /* CUDADriver */;
			targetProxy = 2989D0621DCD4EDE00ED8CE2 /* PBXContainerItemProxy */;
		};
		OBJ_201 /* PBXTargetDependency */ = {
			isa = PBXTargetDependency;
			target = OBJ_85 /* CUDARuntime */;
			targetProxy = 2989D0631DCD4EDE00ED8CE2 /* PBXContainerItemProxy */;
		};
		OBJ_202 /* PBXTargetDependency */ = {
			isa = PBXTargetDependency;
			target = OBJ_70 /* CuBLAS */;
			targetProxy = 2989D0641DCD4EDE00ED8CE2 /* PBXContainerItemProxy */;
		};
		OBJ_203 /* PBXTargetDependency */ = {
			isa = PBXTargetDependency;
			target = OBJ_125 /* Warp */;
			targetProxy = 2989D0651DCD4EDE00ED8CE2 /* PBXContainerItemProxy */;
		};
		OBJ_82 /* PBXTargetDependency */ = {
			isa = PBXTargetDependency;
			target = OBJ_83 /* CUDADriver */;
			targetProxy = 2989D0531DCD4EDE00ED8CE2 /* PBXContainerItemProxy */;
		};
		OBJ_84 /* PBXTargetDependency */ = {
			isa = PBXTargetDependency;
			target = OBJ_85 /* CUDARuntime */;
			targetProxy = 2989D0541DCD4EDE00ED8CE2 /* PBXContainerItemProxy */;
		};
/* End PBXTargetDependency section */

/* Begin XCBuildConfiguration section */
		OBJ_102 /* Debug */ = {
			isa = XCBuildConfiguration;
			buildSettings = {
				ENABLE_TESTABILITY = YES;
				FRAMEWORK_SEARCH_PATHS = "$(PLATFORM_DIR)/Developer/Library/Frameworks";
				HEADER_SEARCH_PATHS = (
					"Packages/CCUDA-1.4.0",
					/usr/local/cuda/include,
				);
				INFOPLIST_FILE = CUDA.xcodeproj/CUDARuntime_Info.plist;
				LD_RUNPATH_SEARCH_PATHS = "$(TOOLCHAIN_DIR)/usr/lib/swift/macosx";
				OTHER_LDFLAGS = "$(inherited)";
				OTHER_SWIFT_FLAGS = "$(inherited)";
				PRODUCT_BUNDLE_IDENTIFIER = CUDARuntime;
				PRODUCT_MODULE_NAME = "$(TARGET_NAME:c99extidentifier)";
				PRODUCT_NAME = "$(TARGET_NAME:c99extidentifier)";
				SUPPORTED_PLATFORMS = macosx;
				SWIFT_ACTIVE_COMPILATION_CONDITIONS = SWIFT_PACKAGE;
				SWIFT_VERSION = 3.0;
				TARGET_NAME = CUDARuntime;
			};
			name = Debug;
		};
		OBJ_103 /* Release */ = {
			isa = XCBuildConfiguration;
			buildSettings = {
				ENABLE_TESTABILITY = YES;
				FRAMEWORK_SEARCH_PATHS = "$(PLATFORM_DIR)/Developer/Library/Frameworks";
				HEADER_SEARCH_PATHS = (
					"Packages/CCUDA-1.4.0",
					/usr/local/cuda/include,
				);
				INFOPLIST_FILE = CUDA.xcodeproj/CUDARuntime_Info.plist;
				LD_RUNPATH_SEARCH_PATHS = "$(TOOLCHAIN_DIR)/usr/lib/swift/macosx";
				OTHER_LDFLAGS = "$(inherited)";
				OTHER_SWIFT_FLAGS = "$(inherited)";
				PRODUCT_BUNDLE_IDENTIFIER = CUDARuntime;
				PRODUCT_MODULE_NAME = "$(TARGET_NAME:c99extidentifier)";
				PRODUCT_NAME = "$(TARGET_NAME:c99extidentifier)";
				SUPPORTED_PLATFORMS = macosx;
				SWIFT_ACTIVE_COMPILATION_CONDITIONS = SWIFT_PACKAGE;
				SWIFT_VERSION = 3.0;
				TARGET_NAME = CUDARuntime;
			};
			name = Release;
		};
		OBJ_116 /* Debug */ = {
			isa = XCBuildConfiguration;
			buildSettings = {
				ENABLE_TESTABILITY = YES;
				FRAMEWORK_SEARCH_PATHS = "$(PLATFORM_DIR)/Developer/Library/Frameworks";
				HEADER_SEARCH_PATHS = (
					"Packages/CCUDA-1.4.0",
					/usr/local/cuda/include,
				);
				INFOPLIST_FILE = CUDA.xcodeproj/NVRTC_Info.plist;
				LD_RUNPATH_SEARCH_PATHS = "$(TOOLCHAIN_DIR)/usr/lib/swift/macosx";
				OTHER_LDFLAGS = "$(inherited)";
				OTHER_SWIFT_FLAGS = "$(inherited)";
				PRODUCT_BUNDLE_IDENTIFIER = NVRTC;
				PRODUCT_MODULE_NAME = "$(TARGET_NAME:c99extidentifier)";
				PRODUCT_NAME = "$(TARGET_NAME:c99extidentifier)";
				SUPPORTED_PLATFORMS = macosx;
				SWIFT_ACTIVE_COMPILATION_CONDITIONS = SWIFT_PACKAGE;
				SWIFT_VERSION = 3.0;
				TARGET_NAME = NVRTC;
			};
			name = Debug;
		};
		OBJ_117 /* Release */ = {
			isa = XCBuildConfiguration;
			buildSettings = {
				ENABLE_TESTABILITY = YES;
				FRAMEWORK_SEARCH_PATHS = "$(PLATFORM_DIR)/Developer/Library/Frameworks";
				HEADER_SEARCH_PATHS = (
					"Packages/CCUDA-1.4.0",
					/usr/local/cuda/include,
				);
				INFOPLIST_FILE = CUDA.xcodeproj/NVRTC_Info.plist;
				LD_RUNPATH_SEARCH_PATHS = "$(TOOLCHAIN_DIR)/usr/lib/swift/macosx";
				OTHER_LDFLAGS = "$(inherited)";
				OTHER_SWIFT_FLAGS = "$(inherited)";
				PRODUCT_BUNDLE_IDENTIFIER = NVRTC;
				PRODUCT_MODULE_NAME = "$(TARGET_NAME:c99extidentifier)";
				PRODUCT_NAME = "$(TARGET_NAME:c99extidentifier)";
				SUPPORTED_PLATFORMS = macosx;
				SWIFT_ACTIVE_COMPILATION_CONDITIONS = SWIFT_PACKAGE;
				SWIFT_VERSION = 3.0;
				TARGET_NAME = NVRTC;
			};
			name = Release;
		};
		OBJ_127 /* Debug */ = {
			isa = XCBuildConfiguration;
			buildSettings = {
				ENABLE_TESTABILITY = YES;
				FRAMEWORK_SEARCH_PATHS = "$(PLATFORM_DIR)/Developer/Library/Frameworks";
				HEADER_SEARCH_PATHS = (
					"Packages/CCUDA-1.4.0",
					/usr/local/cuda/include,
				);
				INFOPLIST_FILE = CUDA.xcodeproj/Warp_Info.plist;
				LD_RUNPATH_SEARCH_PATHS = "$(TOOLCHAIN_DIR)/usr/lib/swift/macosx";
				OTHER_LDFLAGS = "$(inherited)";
				OTHER_SWIFT_FLAGS = "$(inherited)";
				PRODUCT_BUNDLE_IDENTIFIER = Warp;
				PRODUCT_MODULE_NAME = "$(TARGET_NAME:c99extidentifier)";
				PRODUCT_NAME = "$(TARGET_NAME:c99extidentifier)";
				SUPPORTED_PLATFORMS = macosx;
				SWIFT_ACTIVE_COMPILATION_CONDITIONS = SWIFT_PACKAGE;
				SWIFT_VERSION = 3.0;
				TARGET_NAME = Warp;
			};
			name = Debug;
		};
		OBJ_128 /* Release */ = {
			isa = XCBuildConfiguration;
			buildSettings = {
				ENABLE_TESTABILITY = YES;
				FRAMEWORK_SEARCH_PATHS = "$(PLATFORM_DIR)/Developer/Library/Frameworks";
				HEADER_SEARCH_PATHS = (
					"Packages/CCUDA-1.4.0",
					/usr/local/cuda/include,
				);
				INFOPLIST_FILE = CUDA.xcodeproj/Warp_Info.plist;
				LD_RUNPATH_SEARCH_PATHS = "$(TOOLCHAIN_DIR)/usr/lib/swift/macosx";
				OTHER_LDFLAGS = "$(inherited)";
				OTHER_SWIFT_FLAGS = "$(inherited)";
				PRODUCT_BUNDLE_IDENTIFIER = Warp;
				PRODUCT_MODULE_NAME = "$(TARGET_NAME:c99extidentifier)";
				PRODUCT_NAME = "$(TARGET_NAME:c99extidentifier)";
				SUPPORTED_PLATFORMS = macosx;
				SWIFT_ACTIVE_COMPILATION_CONDITIONS = SWIFT_PACKAGE;
				SWIFT_VERSION = 3.0;
				TARGET_NAME = Warp;
			};
			name = Release;
		};
		OBJ_147 /* Debug */ = {
			isa = XCBuildConfiguration;
			buildSettings = {
				EMBEDDED_CONTENT_CONTAINS_SWIFT = YES;
				FRAMEWORK_SEARCH_PATHS = "$(PLATFORM_DIR)/Developer/Library/Frameworks";
				HEADER_SEARCH_PATHS = "Packages/CCUDA-1.4.0";
				INFOPLIST_FILE = CUDA.xcodeproj/CuBLASTests_Info.plist;
				LD_RUNPATH_SEARCH_PATHS = "@loader_path/../Frameworks /usr/local/cuda/lib";
				OTHER_LDFLAGS = "$(inherited)";
				OTHER_SWIFT_FLAGS = "$(inherited)";
				SUPPORTED_PLATFORMS = macosx;
				SWIFT_ACTIVE_COMPILATION_CONDITIONS = SWIFT_PACKAGE;
				SWIFT_VERSION = 3.0;
				TARGET_NAME = CuBLASTests;
			};
			name = Debug;
		};
		OBJ_148 /* Release */ = {
			isa = XCBuildConfiguration;
			buildSettings = {
				EMBEDDED_CONTENT_CONTAINS_SWIFT = YES;
				FRAMEWORK_SEARCH_PATHS = "$(PLATFORM_DIR)/Developer/Library/Frameworks";
				HEADER_SEARCH_PATHS = "Packages/CCUDA-1.4.0";
				INFOPLIST_FILE = CUDA.xcodeproj/CuBLASTests_Info.plist;
				LD_RUNPATH_SEARCH_PATHS = "@loader_path/../Frameworks /usr/local/cuda/lib";
				OTHER_LDFLAGS = "$(inherited)";
				OTHER_SWIFT_FLAGS = "$(inherited)";
				SUPPORTED_PLATFORMS = macosx;
				SWIFT_ACTIVE_COMPILATION_CONDITIONS = SWIFT_PACKAGE;
				SWIFT_VERSION = 3.0;
				TARGET_NAME = CuBLASTests;
			};
			name = Release;
		};
		OBJ_160 /* Debug */ = {
			isa = XCBuildConfiguration;
			buildSettings = {
				EMBEDDED_CONTENT_CONTAINS_SWIFT = YES;
				FRAMEWORK_SEARCH_PATHS = "$(PLATFORM_DIR)/Developer/Library/Frameworks";
				HEADER_SEARCH_PATHS = "Packages/CCUDA-1.4.0";
				INFOPLIST_FILE = CUDA.xcodeproj/CUDADriverTests_Info.plist;
				LD_RUNPATH_SEARCH_PATHS = "@loader_path/../Frameworks /usr/local/cuda/lib";
				OTHER_LDFLAGS = "$(inherited)";
				OTHER_SWIFT_FLAGS = "$(inherited)";
				SUPPORTED_PLATFORMS = macosx;
				SWIFT_ACTIVE_COMPILATION_CONDITIONS = SWIFT_PACKAGE;
				SWIFT_VERSION = 3.0;
				TARGET_NAME = CUDADriverTests;
			};
			name = Debug;
		};
		OBJ_161 /* Release */ = {
			isa = XCBuildConfiguration;
			buildSettings = {
				EMBEDDED_CONTENT_CONTAINS_SWIFT = YES;
				FRAMEWORK_SEARCH_PATHS = "$(PLATFORM_DIR)/Developer/Library/Frameworks";
				HEADER_SEARCH_PATHS = "Packages/CCUDA-1.4.0";
				INFOPLIST_FILE = CUDA.xcodeproj/CUDADriverTests_Info.plist;
				LD_RUNPATH_SEARCH_PATHS = "@loader_path/../Frameworks /usr/local/cuda/lib";
				OTHER_LDFLAGS = "$(inherited)";
				OTHER_SWIFT_FLAGS = "$(inherited)";
				SUPPORTED_PLATFORMS = macosx;
				SWIFT_ACTIVE_COMPILATION_CONDITIONS = SWIFT_PACKAGE;
				SWIFT_VERSION = 3.0;
				TARGET_NAME = CUDADriverTests;
			};
			name = Release;
		};
		OBJ_169 /* Debug */ = {
			isa = XCBuildConfiguration;
			buildSettings = {
				EMBEDDED_CONTENT_CONTAINS_SWIFT = YES;
				FRAMEWORK_SEARCH_PATHS = "$(PLATFORM_DIR)/Developer/Library/Frameworks";
				HEADER_SEARCH_PATHS = "Packages/CCUDA-1.4.0";
				INFOPLIST_FILE = CUDA.xcodeproj/CUDARuntimeTests_Info.plist;
				LD_RUNPATH_SEARCH_PATHS = "@loader_path/../Frameworks /usr/local/cuda/lib";
				OTHER_LDFLAGS = "$(inherited)";
				OTHER_SWIFT_FLAGS = "$(inherited)";
				SUPPORTED_PLATFORMS = macosx;
				SWIFT_ACTIVE_COMPILATION_CONDITIONS = SWIFT_PACKAGE;
				SWIFT_VERSION = 3.0;
				TARGET_NAME = CUDARuntimeTests;
			};
			name = Debug;
		};
		OBJ_170 /* Release */ = {
			isa = XCBuildConfiguration;
			buildSettings = {
				EMBEDDED_CONTENT_CONTAINS_SWIFT = YES;
				FRAMEWORK_SEARCH_PATHS = "$(PLATFORM_DIR)/Developer/Library/Frameworks";
				HEADER_SEARCH_PATHS = "Packages/CCUDA-1.4.0";
				INFOPLIST_FILE = CUDA.xcodeproj/CUDARuntimeTests_Info.plist;
				LD_RUNPATH_SEARCH_PATHS = "@loader_path/../Frameworks /usr/local/cuda/lib";
				OTHER_LDFLAGS = "$(inherited)";
				OTHER_SWIFT_FLAGS = "$(inherited)";
				SUPPORTED_PLATFORMS = macosx;
				SWIFT_ACTIVE_COMPILATION_CONDITIONS = SWIFT_PACKAGE;
				SWIFT_VERSION = 3.0;
				TARGET_NAME = CUDARuntimeTests;
			};
			name = Release;
		};
		OBJ_180 /* Debug */ = {
			isa = XCBuildConfiguration;
			buildSettings = {
				EMBEDDED_CONTENT_CONTAINS_SWIFT = YES;
				FRAMEWORK_SEARCH_PATHS = "$(PLATFORM_DIR)/Developer/Library/Frameworks";
				HEADER_SEARCH_PATHS = "Packages/CCUDA-1.4.0";
				INFOPLIST_FILE = CUDA.xcodeproj/NVRTCTests_Info.plist;
				LD_RUNPATH_SEARCH_PATHS = "@loader_path/../Frameworks /usr/local/cuda/lib";
				OTHER_LDFLAGS = "$(inherited)";
				OTHER_SWIFT_FLAGS = "$(inherited)";
				SUPPORTED_PLATFORMS = macosx;
				SWIFT_ACTIVE_COMPILATION_CONDITIONS = SWIFT_PACKAGE;
				SWIFT_VERSION = 3.0;
				TARGET_NAME = NVRTCTests;
			};
			name = Debug;
		};
		OBJ_181 /* Release */ = {
			isa = XCBuildConfiguration;
			buildSettings = {
				EMBEDDED_CONTENT_CONTAINS_SWIFT = YES;
				FRAMEWORK_SEARCH_PATHS = "$(PLATFORM_DIR)/Developer/Library/Frameworks";
				HEADER_SEARCH_PATHS = "Packages/CCUDA-1.4.0";
				INFOPLIST_FILE = CUDA.xcodeproj/NVRTCTests_Info.plist;
				LD_RUNPATH_SEARCH_PATHS = "@loader_path/../Frameworks /usr/local/cuda/lib";
				OTHER_LDFLAGS = "$(inherited)";
				OTHER_SWIFT_FLAGS = "$(inherited)";
				SUPPORTED_PLATFORMS = macosx;
				SWIFT_ACTIVE_COMPILATION_CONDITIONS = SWIFT_PACKAGE;
				SWIFT_VERSION = 3.0;
				TARGET_NAME = NVRTCTests;
			};
			name = Release;
		};
		OBJ_191 /* Debug */ = {
			isa = XCBuildConfiguration;
			buildSettings = {
				EMBEDDED_CONTENT_CONTAINS_SWIFT = YES;
				FRAMEWORK_SEARCH_PATHS = "$(PLATFORM_DIR)/Developer/Library/Frameworks";
				HEADER_SEARCH_PATHS = "Packages/CCUDA-1.4.0";
				INFOPLIST_FILE = CUDA.xcodeproj/WarpTests_Info.plist;
				LD_RUNPATH_SEARCH_PATHS = "@loader_path/../Frameworks /usr/local/cuda/lib";
				OTHER_LDFLAGS = "$(inherited)";
				OTHER_SWIFT_FLAGS = "$(inherited)";
				SUPPORTED_PLATFORMS = macosx;
				SWIFT_ACTIVE_COMPILATION_CONDITIONS = SWIFT_PACKAGE;
				SWIFT_VERSION = 3.0;
				TARGET_NAME = WarpTests;
			};
			name = Debug;
		};
		OBJ_192 /* Release */ = {
			isa = XCBuildConfiguration;
			buildSettings = {
				EMBEDDED_CONTENT_CONTAINS_SWIFT = YES;
				FRAMEWORK_SEARCH_PATHS = "$(PLATFORM_DIR)/Developer/Library/Frameworks";
				HEADER_SEARCH_PATHS = "Packages/CCUDA-1.4.0";
				INFOPLIST_FILE = CUDA.xcodeproj/WarpTests_Info.plist;
				LD_RUNPATH_SEARCH_PATHS = "@loader_path/../Frameworks /usr/local/cuda/lib";
				OTHER_LDFLAGS = "$(inherited)";
				OTHER_SWIFT_FLAGS = "$(inherited)";
				SUPPORTED_PLATFORMS = macosx;
				SWIFT_ACTIVE_COMPILATION_CONDITIONS = SWIFT_PACKAGE;
				SWIFT_VERSION = 3.0;
				TARGET_NAME = WarpTests;
			};
			name = Release;
		};
		OBJ_3 /* Debug */ = {
			isa = XCBuildConfiguration;
			buildSettings = {
				COMBINE_HIDPI_IMAGES = YES;
				COPY_PHASE_STRIP = NO;
				DEBUG_INFORMATION_FORMAT = dwarf;
				DYLIB_INSTALL_NAME_BASE = "@rpath";
				ENABLE_NS_ASSERTIONS = YES;
				GCC_OPTIMIZATION_LEVEL = 0;
				HEADER_SEARCH_PATHS = /usr/local/cuda/include;
				LIBRARY_SEARCH_PATHS = /usr/local/cuda/lib;
				MACOSX_DEPLOYMENT_TARGET = 10.10;
				ONLY_ACTIVE_ARCH = YES;
				OTHER_SWIFT_FLAGS = "-DXcode";
				PRODUCT_NAME = "$(TARGET_NAME)";
				SUPPORTED_PLATFORMS = "macosx iphoneos iphonesimulator appletvos appletvsimulator watchos watchsimulator";
				SWIFT_OPTIMIZATION_LEVEL = "-Onone";
				USE_HEADERMAP = NO;
			};
			name = Debug;
		};
		OBJ_4 /* Release */ = {
			isa = XCBuildConfiguration;
			buildSettings = {
				COMBINE_HIDPI_IMAGES = YES;
				COPY_PHASE_STRIP = YES;
				DEBUG_INFORMATION_FORMAT = "dwarf-with-dsym";
				DYLIB_INSTALL_NAME_BASE = "@rpath";
				GCC_OPTIMIZATION_LEVEL = s;
				HEADER_SEARCH_PATHS = /usr/local/cuda/include;
				LIBRARY_SEARCH_PATHS = /usr/local/cuda/lib;
				MACOSX_DEPLOYMENT_TARGET = 10.10;
				OTHER_SWIFT_FLAGS = "-DXcode";
				PRODUCT_NAME = "$(TARGET_NAME)";
				SUPPORTED_PLATFORMS = "macosx iphoneos iphonesimulator appletvos appletvsimulator watchos watchsimulator";
				SWIFT_OPTIMIZATION_LEVEL = "-O";
				USE_HEADERMAP = NO;
			};
			name = Release;
		};
		OBJ_72 /* Debug */ = {
			isa = XCBuildConfiguration;
			buildSettings = {
				ENABLE_TESTABILITY = YES;
				FRAMEWORK_SEARCH_PATHS = "$(PLATFORM_DIR)/Developer/Library/Frameworks";
				HEADER_SEARCH_PATHS = (
					"Packages/CCUDA-1.4.0",
					/usr/local/cuda/include,
				);
				INFOPLIST_FILE = CUDA.xcodeproj/CuBLAS_Info.plist;
				LD_RUNPATH_SEARCH_PATHS = "$(TOOLCHAIN_DIR)/usr/lib/swift/macosx";
				OTHER_LDFLAGS = "$(inherited)";
				OTHER_SWIFT_FLAGS = "$(inherited)";
				PRODUCT_BUNDLE_IDENTIFIER = CuBLAS;
				PRODUCT_MODULE_NAME = "$(TARGET_NAME:c99extidentifier)";
				PRODUCT_NAME = "$(TARGET_NAME:c99extidentifier)";
				SUPPORTED_PLATFORMS = macosx;
				SWIFT_ACTIVE_COMPILATION_CONDITIONS = SWIFT_PACKAGE;
				SWIFT_VERSION = 3.0;
				TARGET_NAME = CuBLAS;
			};
			name = Debug;
		};
		OBJ_73 /* Release */ = {
			isa = XCBuildConfiguration;
			buildSettings = {
				ENABLE_TESTABILITY = YES;
				FRAMEWORK_SEARCH_PATHS = "$(PLATFORM_DIR)/Developer/Library/Frameworks";
				HEADER_SEARCH_PATHS = (
					"Packages/CCUDA-1.4.0",
					/usr/local/cuda/include,
				);
				INFOPLIST_FILE = CUDA.xcodeproj/CuBLAS_Info.plist;
				LD_RUNPATH_SEARCH_PATHS = "$(TOOLCHAIN_DIR)/usr/lib/swift/macosx";
				OTHER_LDFLAGS = "$(inherited)";
				OTHER_SWIFT_FLAGS = "$(inherited)";
				PRODUCT_BUNDLE_IDENTIFIER = CuBLAS;
				PRODUCT_MODULE_NAME = "$(TARGET_NAME:c99extidentifier)";
				PRODUCT_NAME = "$(TARGET_NAME:c99extidentifier)";
				SUPPORTED_PLATFORMS = macosx;
				SWIFT_ACTIVE_COMPILATION_CONDITIONS = SWIFT_PACKAGE;
				SWIFT_VERSION = 3.0;
				TARGET_NAME = CuBLAS;
			};
			name = Release;
		};
		OBJ_87 /* Debug */ = {
			isa = XCBuildConfiguration;
			buildSettings = {
				ENABLE_TESTABILITY = YES;
				FRAMEWORK_SEARCH_PATHS = "$(PLATFORM_DIR)/Developer/Library/Frameworks";
				HEADER_SEARCH_PATHS = (
					"Packages/CCUDA-1.4.0",
					/usr/local/cuda/include,
				);
				INFOPLIST_FILE = CUDA.xcodeproj/CUDADriver_Info.plist;
				LD_RUNPATH_SEARCH_PATHS = "$(TOOLCHAIN_DIR)/usr/lib/swift/macosx";
				OTHER_LDFLAGS = "$(inherited)";
				OTHER_SWIFT_FLAGS = "$(inherited)";
				PRODUCT_BUNDLE_IDENTIFIER = CUDADriver;
				PRODUCT_MODULE_NAME = "$(TARGET_NAME:c99extidentifier)";
				PRODUCT_NAME = "$(TARGET_NAME:c99extidentifier)";
				SUPPORTED_PLATFORMS = macosx;
				SWIFT_ACTIVE_COMPILATION_CONDITIONS = SWIFT_PACKAGE;
				SWIFT_VERSION = 3.0;
				TARGET_NAME = CUDADriver;
			};
			name = Debug;
		};
		OBJ_88 /* Release */ = {
			isa = XCBuildConfiguration;
			buildSettings = {
				ENABLE_TESTABILITY = YES;
				FRAMEWORK_SEARCH_PATHS = "$(PLATFORM_DIR)/Developer/Library/Frameworks";
				HEADER_SEARCH_PATHS = (
					"Packages/CCUDA-1.4.0",
					/usr/local/cuda/include,
				);
				INFOPLIST_FILE = CUDA.xcodeproj/CUDADriver_Info.plist;
				LD_RUNPATH_SEARCH_PATHS = "$(TOOLCHAIN_DIR)/usr/lib/swift/macosx";
				OTHER_LDFLAGS = "$(inherited)";
				OTHER_SWIFT_FLAGS = "$(inherited)";
				PRODUCT_BUNDLE_IDENTIFIER = CUDADriver;
				PRODUCT_MODULE_NAME = "$(TARGET_NAME:c99extidentifier)";
				PRODUCT_NAME = "$(TARGET_NAME:c99extidentifier)";
				SUPPORTED_PLATFORMS = macosx;
				SWIFT_ACTIVE_COMPILATION_CONDITIONS = SWIFT_PACKAGE;
				SWIFT_VERSION = 3.0;
				TARGET_NAME = CUDADriver;
			};
			name = Release;
		};
/* End XCBuildConfiguration section */

/* Begin XCConfigurationList section */
		OBJ_101 /* Build configuration list for PBXNativeTarget "CUDARuntime" */ = {
			isa = XCConfigurationList;
			buildConfigurations = (
				OBJ_102 /* Debug */,
				OBJ_103 /* Release */,
			);
			defaultConfigurationIsVisible = 0;
			defaultConfigurationName = Debug;
		};
		OBJ_115 /* Build configuration list for PBXNativeTarget "NVRTC" */ = {
			isa = XCConfigurationList;
			buildConfigurations = (
				OBJ_116 /* Debug */,
				OBJ_117 /* Release */,
			);
			defaultConfigurationIsVisible = 0;
			defaultConfigurationName = Debug;
		};
		OBJ_126 /* Build configuration list for PBXNativeTarget "Warp" */ = {
			isa = XCConfigurationList;
			buildConfigurations = (
				OBJ_127 /* Debug */,
				OBJ_128 /* Release */,
			);
			defaultConfigurationIsVisible = 0;
			defaultConfigurationName = Debug;
		};
		OBJ_146 /* Build configuration list for PBXNativeTarget "CuBLASTests" */ = {
			isa = XCConfigurationList;
			buildConfigurations = (
				OBJ_147 /* Debug */,
				OBJ_148 /* Release */,
			);
			defaultConfigurationIsVisible = 0;
			defaultConfigurationName = Debug;
		};
		OBJ_159 /* Build configuration list for PBXNativeTarget "CUDADriverTests" */ = {
			isa = XCConfigurationList;
			buildConfigurations = (
				OBJ_160 /* Debug */,
				OBJ_161 /* Release */,
			);
			defaultConfigurationIsVisible = 0;
			defaultConfigurationName = Debug;
		};
		OBJ_168 /* Build configuration list for PBXNativeTarget "CUDARuntimeTests" */ = {
			isa = XCConfigurationList;
			buildConfigurations = (
				OBJ_169 /* Debug */,
				OBJ_170 /* Release */,
			);
			defaultConfigurationIsVisible = 0;
			defaultConfigurationName = Debug;
		};
		OBJ_179 /* Build configuration list for PBXNativeTarget "NVRTCTests" */ = {
			isa = XCConfigurationList;
			buildConfigurations = (
				OBJ_180 /* Debug */,
				OBJ_181 /* Release */,
			);
			defaultConfigurationIsVisible = 0;
			defaultConfigurationName = Debug;
		};
		OBJ_190 /* Build configuration list for PBXNativeTarget "WarpTests" */ = {
			isa = XCConfigurationList;
			buildConfigurations = (
				OBJ_191 /* Debug */,
				OBJ_192 /* Release */,
			);
			defaultConfigurationIsVisible = 0;
			defaultConfigurationName = Debug;
		};
		OBJ_2 /* Build configuration list for PBXProject "CUDA" */ = {
			isa = XCConfigurationList;
			buildConfigurations = (
				OBJ_3 /* Debug */,
				OBJ_4 /* Release */,
			);
			defaultConfigurationIsVisible = 0;
			defaultConfigurationName = Debug;
		};
		OBJ_71 /* Build configuration list for PBXNativeTarget "CuBLAS" */ = {
			isa = XCConfigurationList;
			buildConfigurations = (
				OBJ_72 /* Debug */,
				OBJ_73 /* Release */,
			);
			defaultConfigurationIsVisible = 0;
			defaultConfigurationName = Debug;
		};
		OBJ_86 /* Build configuration list for PBXNativeTarget "CUDADriver" */ = {
			isa = XCConfigurationList;
			buildConfigurations = (
				OBJ_87 /* Debug */,
				OBJ_88 /* Release */,
			);
			defaultConfigurationIsVisible = 0;
			defaultConfigurationName = Debug;
		};
/* End XCConfigurationList section */
	};
	rootObject = OBJ_1 /* Project object */;
}
